
Microsoft Visual Studio Solution File, Format Version 12.00
# Visual Studio 14
VisualStudioVersion = 14.0.25420.1
MinimumVisualStudioVersion = 10.0.40219.1
Project("{FAE04EC0-301F-11D3-BF4B-00C04F79EFBC}") = "XMenuApp.Droid", "XMenuApp\XMenuApp.Droid\XMenuApp.Droid.csproj", "{F933F973-1081-4784-80D2-5FFC07E26EE5}"
EndProject
Project("{FAE04EC0-301F-11D3-BF4B-00C04F79EFBC}") = "XMenuApp.iOS", "XMenuApp\XMenuApp.iOS\XMenuApp.iOS.csproj", "{097EF1B3-4481-4EC4-BD70-24304F9F2C08}"
EndProject
Project("{FAE04EC0-301F-11D3-BF4B-00C04F79EFBC}") = "XMenuApp.WinPhone", "XMenuApp\XMenuApp.WinPhone\XMenuApp.WinPhone.csproj", "{851DBBF6-7749-4DF0-ACE7-F8884A3C4C43}"
EndProject
Project("{FAE04EC0-301F-11D3-BF4B-00C04F79EFBC}") = "XMenuApp.UWP", "XMenuApp\XMenuApp.UWP\XMenuApp.UWP.csproj", "{B8FED8C8-3E0E-42AA-B28B-29E89BE00346}"
EndProject
Project("{FAE04EC0-301F-11D3-BF4B-00C04F79EFBC}") = "XMenuApp.Windows", "XMenuApp\XMenuApp.Windows\XMenuApp.Windows.csproj", "{EDF11507-F706-46B4-977D-8EF41A4FD9D5}"
EndProject
Project("{FAE04EC0-301F-11D3-BF4B-00C04F79EFBC}") = "XMenuApp", "XMenuApp\XMenuApp\XMenuApp.csproj", "{83795037-03C5-4628-919F-671BC9CA24CF}"
EndProject
Global
	GlobalSection(SolutionConfigurationPlatforms) = preSolution
		Ad-Hoc|Any CPU = Ad-Hoc|Any CPU
		Ad-Hoc|ARM = Ad-Hoc|ARM
		Ad-Hoc|iPhone = Ad-Hoc|iPhone
		Ad-Hoc|iPhoneSimulator = Ad-Hoc|iPhoneSimulator
		Ad-Hoc|x64 = Ad-Hoc|x64
		Ad-Hoc|x86 = Ad-Hoc|x86
		AppStore|Any CPU = AppStore|Any CPU
		AppStore|ARM = AppStore|ARM
		AppStore|iPhone = AppStore|iPhone
		AppStore|iPhoneSimulator = AppStore|iPhoneSimulator
		AppStore|x64 = AppStore|x64
		AppStore|x86 = AppStore|x86
		Debug|Any CPU = Debug|Any CPU
		Debug|ARM = Debug|ARM
		Debug|iPhone = Debug|iPhone
		Debug|iPhoneSimulator = Debug|iPhoneSimulator
		Debug|x64 = Debug|x64
		Debug|x86 = Debug|x86
		Release|Any CPU = Release|Any CPU
		Release|ARM = Release|ARM
		Release|iPhone = Release|iPhone
		Release|iPhoneSimulator = Release|iPhoneSimulator
		Release|x64 = Release|x64
		Release|x86 = Release|x86
	EndGlobalSection
	GlobalSection(ProjectConfigurationPlatforms) = postSolution
		{F933F973-1081-4784-80D2-5FFC07E26EE5}.Ad-Hoc|Any CPU.ActiveCfg = Release|Any CPU
		{F933F973-1081-4784-80D2-5FFC07E26EE5}.Ad-Hoc|Any CPU.Build.0 = Release|Any CPU
		{F933F973-1081-4784-80D2-5FFC07E26EE5}.Ad-Hoc|Any CPU.Deploy.0 = Release|Any CPU
		{F933F973-1081-4784-80D2-5FFC07E26EE5}.Ad-Hoc|ARM.ActiveCfg = Release|Any CPU
		{F933F973-1081-4784-80D2-5FFC07E26EE5}.Ad-Hoc|ARM.Build.0 = Release|Any CPU
		{F933F973-1081-4784-80D2-5FFC07E26EE5}.Ad-Hoc|ARM.Deploy.0 = Release|Any CPU
		{F933F973-1081-4784-80D2-5FFC07E26EE5}.Ad-Hoc|iPhone.ActiveCfg = Release|Any CPU
		{F933F973-1081-4784-80D2-5FFC07E26EE5}.Ad-Hoc|iPhone.Build.0 = Release|Any CPU
		{F933F973-1081-4784-80D2-5FFC07E26EE5}.Ad-Hoc|iPhone.Deploy.0 = Release|Any CPU
		{F933F973-1081-4784-80D2-5FFC07E26EE5}.Ad-Hoc|iPhoneSimulator.ActiveCfg = Release|Any CPU
		{F933F973-1081-4784-80D2-5FFC07E26EE5}.Ad-Hoc|iPhoneSimulator.Build.0 = Release|Any CPU
		{F933F973-1081-4784-80D2-5FFC07E26EE5}.Ad-Hoc|iPhoneSimulator.Deploy.0 = Release|Any CPU
		{F933F973-1081-4784-80D2-5FFC07E26EE5}.Ad-Hoc|x64.ActiveCfg = Release|Any CPU
		{F933F973-1081-4784-80D2-5FFC07E26EE5}.Ad-Hoc|x64.Build.0 = Release|Any CPU
		{F933F973-1081-4784-80D2-5FFC07E26EE5}.Ad-Hoc|x64.Deploy.0 = Release|Any CPU
		{F933F973-1081-4784-80D2-5FFC07E26EE5}.Ad-Hoc|x86.ActiveCfg = Release|Any CPU
		{F933F973-1081-4784-80D2-5FFC07E26EE5}.Ad-Hoc|x86.Build.0 = Release|Any CPU
		{F933F973-1081-4784-80D2-5FFC07E26EE5}.Ad-Hoc|x86.Deploy.0 = Release|Any CPU
		{F933F973-1081-4784-80D2-5FFC07E26EE5}.AppStore|Any CPU.ActiveCfg = Release|Any CPU
		{F933F973-1081-4784-80D2-5FFC07E26EE5}.AppStore|Any CPU.Build.0 = Release|Any CPU
		{F933F973-1081-4784-80D2-5FFC07E26EE5}.AppStore|Any CPU.Deploy.0 = Release|Any CPU
		{F933F973-1081-4784-80D2-5FFC07E26EE5}.AppStore|ARM.ActiveCfg = Release|Any CPU
		{F933F973-1081-4784-80D2-5FFC07E26EE5}.AppStore|ARM.Build.0 = Release|Any CPU
		{F933F973-1081-4784-80D2-5FFC07E26EE5}.AppStore|ARM.Deploy.0 = Release|Any CPU
		{F933F973-1081-4784-80D2-5FFC07E26EE5}.AppStore|iPhone.ActiveCfg = Release|Any CPU
		{F933F973-1081-4784-80D2-5FFC07E26EE5}.AppStore|iPhone.Build.0 = Release|Any CPU
		{F933F973-1081-4784-80D2-5FFC07E26EE5}.AppStore|iPhone.Deploy.0 = Release|Any CPU
		{F933F973-1081-4784-80D2-5FFC07E26EE5}.AppStore|iPhoneSimulator.ActiveCfg = Release|Any CPU
		{F933F973-1081-4784-80D2-5FFC07E26EE5}.AppStore|iPhoneSimulator.Build.0 = Release|Any CPU
		{F933F973-1081-4784-80D2-5FFC07E26EE5}.AppStore|iPhoneSimulator.Deploy.0 = Release|Any CPU
		{F933F973-1081-4784-80D2-5FFC07E26EE5}.AppStore|x64.ActiveCfg = Release|Any CPU
		{F933F973-1081-4784-80D2-5FFC07E26EE5}.AppStore|x64.Build.0 = Release|Any CPU
		{F933F973-1081-4784-80D2-5FFC07E26EE5}.AppStore|x64.Deploy.0 = Release|Any CPU
		{F933F973-1081-4784-80D2-5FFC07E26EE5}.AppStore|x86.ActiveCfg = Release|Any CPU
		{F933F973-1081-4784-80D2-5FFC07E26EE5}.AppStore|x86.Build.0 = Release|Any CPU
		{F933F973-1081-4784-80D2-5FFC07E26EE5}.AppStore|x86.Deploy.0 = Release|Any CPU
		{F933F973-1081-4784-80D2-5FFC07E26EE5}.Debug|Any CPU.ActiveCfg = Debug|Any CPU
		{F933F973-1081-4784-80D2-5FFC07E26EE5}.Debug|Any CPU.Build.0 = Debug|Any CPU
		{F933F973-1081-4784-80D2-5FFC07E26EE5}.Debug|Any CPU.Deploy.0 = Debug|Any CPU
		{F933F973-1081-4784-80D2-5FFC07E26EE5}.Debug|ARM.ActiveCfg = Debug|Any CPU
		{F933F973-1081-4784-80D2-5FFC07E26EE5}.Debug|ARM.Build.0 = Debug|Any CPU
		{F933F973-1081-4784-80D2-5FFC07E26EE5}.Debug|ARM.Deploy.0 = Debug|Any CPU
		{F933F973-1081-4784-80D2-5FFC07E26EE5}.Debug|iPhone.ActiveCfg = Debug|Any CPU
		{F933F973-1081-4784-80D2-5FFC07E26EE5}.Debug|iPhone.Build.0 = Debug|Any CPU
		{F933F973-1081-4784-80D2-5FFC07E26EE5}.Debug|iPhone.Deploy.0 = Debug|Any CPU
		{F933F973-1081-4784-80D2-5FFC07E26EE5}.Debug|iPhoneSimulator.ActiveCfg = Debug|Any CPU
		{F933F973-1081-4784-80D2-5FFC07E26EE5}.Debug|iPhoneSimulator.Build.0 = Debug|Any CPU
		{F933F973-1081-4784-80D2-5FFC07E26EE5}.Debug|iPhoneSimulator.Deploy.0 = Debug|Any CPU
		{F933F973-1081-4784-80D2-5FFC07E26EE5}.Debug|x64.ActiveCfg = Debug|Any CPU
		{F933F973-1081-4784-80D2-5FFC07E26EE5}.Debug|x64.Build.0 = Debug|Any CPU
		{F933F973-1081-4784-80D2-5FFC07E26EE5}.Debug|x64.Deploy.0 = Debug|Any CPU
		{F933F973-1081-4784-80D2-5FFC07E26EE5}.Debug|x86.ActiveCfg = Debug|Any CPU
		{F933F973-1081-4784-80D2-5FFC07E26EE5}.Debug|x86.Build.0 = Debug|Any CPU
		{F933F973-1081-4784-80D2-5FFC07E26EE5}.Debug|x86.Deploy.0 = Debug|Any CPU
		{F933F973-1081-4784-80D2-5FFC07E26EE5}.Release|Any CPU.ActiveCfg = Release|Any CPU
		{F933F973-1081-4784-80D2-5FFC07E26EE5}.Release|Any CPU.Build.0 = Release|Any CPU
		{F933F973-1081-4784-80D2-5FFC07E26EE5}.Release|Any CPU.Deploy.0 = Release|Any CPU
		{F933F973-1081-4784-80D2-5FFC07E26EE5}.Release|ARM.ActiveCfg = Release|Any CPU
		{F933F973-1081-4784-80D2-5FFC07E26EE5}.Release|ARM.Build.0 = Release|Any CPU
		{F933F973-1081-4784-80D2-5FFC07E26EE5}.Release|ARM.Deploy.0 = Release|Any CPU
		{F933F973-1081-4784-80D2-5FFC07E26EE5}.Release|iPhone.ActiveCfg = Release|Any CPU
		{F933F973-1081-4784-80D2-5FFC07E26EE5}.Release|iPhone.Build.0 = Release|Any CPU
		{F933F973-1081-4784-80D2-5FFC07E26EE5}.Release|iPhone.Deploy.0 = Release|Any CPU
		{F933F973-1081-4784-80D2-5FFC07E26EE5}.Release|iPhoneSimulator.ActiveCfg = Release|Any CPU
		{F933F973-1081-4784-80D2-5FFC07E26EE5}.Release|iPhoneSimulator.Build.0 = Release|Any CPU
		{F933F973-1081-4784-80D2-5FFC07E26EE5}.Release|iPhoneSimulator.Deploy.0 = Release|Any CPU
		{F933F973-1081-4784-80D2-5FFC07E26EE5}.Release|x64.ActiveCfg = Release|Any CPU
		{F933F973-1081-4784-80D2-5FFC07E26EE5}.Release|x64.Build.0 = Release|Any CPU
		{F933F973-1081-4784-80D2-5FFC07E26EE5}.Release|x64.Deploy.0 = Release|Any CPU
		{F933F973-1081-4784-80D2-5FFC07E26EE5}.Release|x86.ActiveCfg = Release|Any CPU
		{F933F973-1081-4784-80D2-5FFC07E26EE5}.Release|x86.Build.0 = Release|Any CPU
		{F933F973-1081-4784-80D2-5FFC07E26EE5}.Release|x86.Deploy.0 = Release|Any CPU
		{097EF1B3-4481-4EC4-BD70-24304F9F2C08}.Ad-Hoc|Any CPU.ActiveCfg = Ad-Hoc|iPhone
		{097EF1B3-4481-4EC4-BD70-24304F9F2C08}.Ad-Hoc|ARM.ActiveCfg = Ad-Hoc|iPhone
		{097EF1B3-4481-4EC4-BD70-24304F9F2C08}.Ad-Hoc|iPhone.ActiveCfg = Ad-Hoc|iPhone
		{097EF1B3-4481-4EC4-BD70-24304F9F2C08}.Ad-Hoc|iPhone.Build.0 = Ad-Hoc|iPhone
		{097EF1B3-4481-4EC4-BD70-24304F9F2C08}.Ad-Hoc|iPhoneSimulator.ActiveCfg = Ad-Hoc|iPhoneSimulator
		{097EF1B3-4481-4EC4-BD70-24304F9F2C08}.Ad-Hoc|iPhoneSimulator.Build.0 = Ad-Hoc|iPhoneSimulator
		{097EF1B3-4481-4EC4-BD70-24304F9F2C08}.Ad-Hoc|x64.ActiveCfg = Ad-Hoc|iPhone
		{097EF1B3-4481-4EC4-BD70-24304F9F2C08}.Ad-Hoc|x86.ActiveCfg = Ad-Hoc|iPhone
		{097EF1B3-4481-4EC4-BD70-24304F9F2C08}.AppStore|Any CPU.ActiveCfg = AppStore|iPhone
		{097EF1B3-4481-4EC4-BD70-24304F9F2C08}.AppStore|ARM.ActiveCfg = AppStore|iPhone
		{097EF1B3-4481-4EC4-BD70-24304F9F2C08}.AppStore|iPhone.ActiveCfg = AppStore|iPhone
		{097EF1B3-4481-4EC4-BD70-24304F9F2C08}.AppStore|iPhone.Build.0 = AppStore|iPhone
		{097EF1B3-4481-4EC4-BD70-24304F9F2C08}.AppStore|iPhoneSimulator.ActiveCfg = AppStore|iPhoneSimulator
		{097EF1B3-4481-4EC4-BD70-24304F9F2C08}.AppStore|iPhoneSimulator.Build.0 = AppStore|iPhoneSimulator
		{097EF1B3-4481-4EC4-BD70-24304F9F2C08}.AppStore|x64.ActiveCfg = AppStore|iPhone
		{097EF1B3-4481-4EC4-BD70-24304F9F2C08}.AppStore|x86.ActiveCfg = AppStore|iPhone
		{097EF1B3-4481-4EC4-BD70-24304F9F2C08}.Debug|Any CPU.ActiveCfg = Debug|iPhone
		{097EF1B3-4481-4EC4-BD70-24304F9F2C08}.Debug|ARM.ActiveCfg = Debug|iPhone
		{097EF1B3-4481-4EC4-BD70-24304F9F2C08}.Debug|iPhone.ActiveCfg = Debug|iPhone
		{097EF1B3-4481-4EC4-BD70-24304F9F2C08}.Debug|iPhone.Build.0 = Debug|iPhone
		{097EF1B3-4481-4EC4-BD70-24304F9F2C08}.Debug|iPhoneSimulator.ActiveCfg = Debug|iPhoneSimulator
		{097EF1B3-4481-4EC4-BD70-24304F9F2C08}.Debug|iPhoneSimulator.Build.0 = Debug|iPhoneSimulator
		{097EF1B3-4481-4EC4-BD70-24304F9F2C08}.Debug|x64.ActiveCfg = Debug|iPhone
		{097EF1B3-4481-4EC4-BD70-24304F9F2C08}.Debug|x86.ActiveCfg = Debug|iPhone
		{097EF1B3-4481-4EC4-BD70-24304F9F2C08}.Release|Any CPU.ActiveCfg = Release|iPhone
		{097EF1B3-4481-4EC4-BD70-24304F9F2C08}.Release|ARM.ActiveCfg = Release|iPhone
		{097EF1B3-4481-4EC4-BD70-24304F9F2C08}.Release|iPhone.ActiveCfg = Release|iPhone
		{097EF1B3-4481-4EC4-BD70-24304F9F2C08}.Release|iPhone.Build.0 = Release|iPhone
		{097EF1B3-4481-4EC4-BD70-24304F9F2C08}.Release|iPhoneSimulator.ActiveCfg = Release|iPhoneSimulator
		{097EF1B3-4481-4EC4-BD70-24304F9F2C08}.Release|iPhoneSimulator.Build.0 = Release|iPhoneSimulator
		{097EF1B3-4481-4EC4-BD70-24304F9F2C08}.Release|x64.ActiveCfg = Release|iPhone
		{097EF1B3-4481-4EC4-BD70-24304F9F2C08}.Release|x86.ActiveCfg = Release|iPhone
		{851DBBF6-7749-4DF0-ACE7-F8884A3C4C43}.Ad-Hoc|Any CPU.ActiveCfg = Release|Any CPU
		{851DBBF6-7749-4DF0-ACE7-F8884A3C4C43}.Ad-Hoc|Any CPU.Build.0 = Release|Any CPU
		{851DBBF6-7749-4DF0-ACE7-F8884A3C4C43}.Ad-Hoc|Any CPU.Deploy.0 = Release|Any CPU
		{851DBBF6-7749-4DF0-ACE7-F8884A3C4C43}.Ad-Hoc|ARM.ActiveCfg = Release|ARM
		{851DBBF6-7749-4DF0-ACE7-F8884A3C4C43}.Ad-Hoc|ARM.Build.0 = Release|ARM
		{851DBBF6-7749-4DF0-ACE7-F8884A3C4C43}.Ad-Hoc|ARM.Deploy.0 = Release|ARM
		{851DBBF6-7749-4DF0-ACE7-F8884A3C4C43}.Ad-Hoc|iPhone.ActiveCfg = Release|Any CPU
		{851DBBF6-7749-4DF0-ACE7-F8884A3C4C43}.Ad-Hoc|iPhone.Build.0 = Release|Any CPU
		{851DBBF6-7749-4DF0-ACE7-F8884A3C4C43}.Ad-Hoc|iPhone.Deploy.0 = Release|Any CPU
		{851DBBF6-7749-4DF0-ACE7-F8884A3C4C43}.Ad-Hoc|iPhoneSimulator.ActiveCfg = Release|Any CPU
		{851DBBF6-7749-4DF0-ACE7-F8884A3C4C43}.Ad-Hoc|iPhoneSimulator.Build.0 = Release|Any CPU
		{851DBBF6-7749-4DF0-ACE7-F8884A3C4C43}.Ad-Hoc|iPhoneSimulator.Deploy.0 = Release|Any CPU
		{851DBBF6-7749-4DF0-ACE7-F8884A3C4C43}.Ad-Hoc|x64.ActiveCfg = Release|Any CPU
		{851DBBF6-7749-4DF0-ACE7-F8884A3C4C43}.Ad-Hoc|x64.Build.0 = Release|Any CPU
		{851DBBF6-7749-4DF0-ACE7-F8884A3C4C43}.Ad-Hoc|x64.Deploy.0 = Release|Any CPU
		{851DBBF6-7749-4DF0-ACE7-F8884A3C4C43}.Ad-Hoc|x86.ActiveCfg = Release|x86
		{851DBBF6-7749-4DF0-ACE7-F8884A3C4C43}.Ad-Hoc|x86.Build.0 = Release|x86
		{851DBBF6-7749-4DF0-ACE7-F8884A3C4C43}.Ad-Hoc|x86.Deploy.0 = Release|x86
		{851DBBF6-7749-4DF0-ACE7-F8884A3C4C43}.AppStore|Any CPU.ActiveCfg = Release|Any CPU
		{851DBBF6-7749-4DF0-ACE7-F8884A3C4C43}.AppStore|Any CPU.Build.0 = Release|Any CPU
		{851DBBF6-7749-4DF0-ACE7-F8884A3C4C43}.AppStore|Any CPU.Deploy.0 = Release|Any CPU
		{851DBBF6-7749-4DF0-ACE7-F8884A3C4C43}.AppStore|ARM.ActiveCfg = Release|ARM
		{851DBBF6-7749-4DF0-ACE7-F8884A3C4C43}.AppStore|ARM.Build.0 = Release|ARM
		{851DBBF6-7749-4DF0-ACE7-F8884A3C4C43}.AppStore|ARM.Deploy.0 = Release|ARM
		{851DBBF6-7749-4DF0-ACE7-F8884A3C4C43}.AppStore|iPhone.ActiveCfg = Release|Any CPU
		{851DBBF6-7749-4DF0-ACE7-F8884A3C4C43}.AppStore|iPhone.Build.0 = Release|Any CPU
		{851DBBF6-7749-4DF0-ACE7-F8884A3C4C43}.AppStore|iPhone.Deploy.0 = Release|Any CPU
		{851DBBF6-7749-4DF0-ACE7-F8884A3C4C43}.AppStore|iPhoneSimulator.ActiveCfg = Release|Any CPU
		{851DBBF6-7749-4DF0-ACE7-F8884A3C4C43}.AppStore|iPhoneSimulator.Build.0 = Release|Any CPU
		{851DBBF6-7749-4DF0-ACE7-F8884A3C4C43}.AppStore|iPhoneSimulator.Deploy.0 = Release|Any CPU
		{851DBBF6-7749-4DF0-ACE7-F8884A3C4C43}.AppStore|x64.ActiveCfg = Release|Any CPU
		{851DBBF6-7749-4DF0-ACE7-F8884A3C4C43}.AppStore|x64.Build.0 = Release|Any CPU
		{851DBBF6-7749-4DF0-ACE7-F8884A3C4C43}.AppStore|x64.Deploy.0 = Release|Any CPU
		{851DBBF6-7749-4DF0-ACE7-F8884A3C4C43}.AppStore|x86.ActiveCfg = Release|x86
		{851DBBF6-7749-4DF0-ACE7-F8884A3C4C43}.AppStore|x86.Build.0 = Release|x86
		{851DBBF6-7749-4DF0-ACE7-F8884A3C4C43}.AppStore|x86.Deploy.0 = Release|x86
		{851DBBF6-7749-4DF0-ACE7-F8884A3C4C43}.Debug|Any CPU.ActiveCfg = Debug|Any CPU
		{851DBBF6-7749-4DF0-ACE7-F8884A3C4C43}.Debug|Any CPU.Build.0 = Debug|Any CPU
		{851DBBF6-7749-4DF0-ACE7-F8884A3C4C43}.Debug|Any CPU.Deploy.0 = Debug|Any CPU
		{851DBBF6-7749-4DF0-ACE7-F8884A3C4C43}.Debug|ARM.ActiveCfg = Debug|ARM
		{851DBBF6-7749-4DF0-ACE7-F8884A3C4C43}.Debug|ARM.Build.0 = Debug|ARM
		{851DBBF6-7749-4DF0-ACE7-F8884A3C4C43}.Debug|ARM.Deploy.0 = Debug|ARM
		{851DBBF6-7749-4DF0-ACE7-F8884A3C4C43}.Debug|iPhone.ActiveCfg = Debug|Any CPU
		{851DBBF6-7749-4DF0-ACE7-F8884A3C4C43}.Debug|iPhone.Build.0 = Debug|Any CPU
		{851DBBF6-7749-4DF0-ACE7-F8884A3C4C43}.Debug|iPhone.Deploy.0 = Debug|Any CPU
		{851DBBF6-7749-4DF0-ACE7-F8884A3C4C43}.Debug|iPhoneSimulator.ActiveCfg = Debug|Any CPU
		{851DBBF6-7749-4DF0-ACE7-F8884A3C4C43}.Debug|iPhoneSimulator.Build.0 = Debug|Any CPU
		{851DBBF6-7749-4DF0-ACE7-F8884A3C4C43}.Debug|iPhoneSimulator.Deploy.0 = Debug|Any CPU
		{851DBBF6-7749-4DF0-ACE7-F8884A3C4C43}.Debug|x64.ActiveCfg = Debug|Any CPU
		{851DBBF6-7749-4DF0-ACE7-F8884A3C4C43}.Debug|x64.Build.0 = Debug|Any CPU
		{851DBBF6-7749-4DF0-ACE7-F8884A3C4C43}.Debug|x64.Deploy.0 = Debug|Any CPU
		{851DBBF6-7749-4DF0-ACE7-F8884A3C4C43}.Debug|x86.ActiveCfg = Debug|x86
		{851DBBF6-7749-4DF0-ACE7-F8884A3C4C43}.Debug|x86.Build.0 = Debug|x86
		{851DBBF6-7749-4DF0-ACE7-F8884A3C4C43}.Debug|x86.Deploy.0 = Debug|x86
		{851DBBF6-7749-4DF0-ACE7-F8884A3C4C43}.Release|Any CPU.ActiveCfg = Release|Any CPU
		{851DBBF6-7749-4DF0-ACE7-F8884A3C4C43}.Release|Any CPU.Build.0 = Release|Any CPU
		{851DBBF6-7749-4DF0-ACE7-F8884A3C4C43}.Release|Any CPU.Deploy.0 = Release|Any CPU
		{851DBBF6-7749-4DF0-ACE7-F8884A3C4C43}.Release|ARM.ActiveCfg = Release|ARM
		{851DBBF6-7749-4DF0-ACE7-F8884A3C4C43}.Release|ARM.Build.0 = Release|ARM
		{851DBBF6-7749-4DF0-ACE7-F8884A3C4C43}.Release|ARM.Deploy.0 = Release|ARM
		{851DBBF6-7749-4DF0-ACE7-F8884A3C4C43}.Release|iPhone.ActiveCfg = Release|Any CPU
		{851DBBF6-7749-4DF0-ACE7-F8884A3C4C43}.Release|iPhone.Build.0 = Release|Any CPU
		{851DBBF6-7749-4DF0-ACE7-F8884A3C4C43}.Release|iPhone.Deploy.0 = Release|Any CPU
		{851DBBF6-7749-4DF0-ACE7-F8884A3C4C43}.Release|iPhoneSimulator.ActiveCfg = Release|Any CPU
		{851DBBF6-7749-4DF0-ACE7-F8884A3C4C43}.Release|iPhoneSimulator.Build.0 = Release|Any CPU
		{851DBBF6-7749-4DF0-ACE7-F8884A3C4C43}.Release|iPhoneSimulator.Deploy.0 = Release|Any CPU
		{851DBBF6-7749-4DF0-ACE7-F8884A3C4C43}.Release|x64.ActiveCfg = Release|Any CPU
		{851DBBF6-7749-4DF0-ACE7-F8884A3C4C43}.Release|x64.Build.0 = Release|Any CPU
		{851DBBF6-7749-4DF0-ACE7-F8884A3C4C43}.Release|x64.Deploy.0 = Release|Any CPU
		{851DBBF6-7749-4DF0-ACE7-F8884A3C4C43}.Release|x86.ActiveCfg = Release|x86
		{851DBBF6-7749-4DF0-ACE7-F8884A3C4C43}.Release|x86.Build.0 = Release|x86
		{851DBBF6-7749-4DF0-ACE7-F8884A3C4C43}.Release|x86.Deploy.0 = Release|x86
		{B8FED8C8-3E0E-42AA-B28B-29E89BE00346}.Ad-Hoc|Any CPU.ActiveCfg = Release|x86
		{B8FED8C8-3E0E-42AA-B28B-29E89BE00346}.Ad-Hoc|Any CPU.Build.0 = Release|x86
		{B8FED8C8-3E0E-42AA-B28B-29E89BE00346}.Ad-Hoc|Any CPU.Deploy.0 = Release|x86
		{B8FED8C8-3E0E-42AA-B28B-29E89BE00346}.Ad-Hoc|ARM.ActiveCfg = Release|ARM
		{B8FED8C8-3E0E-42AA-B28B-29E89BE00346}.Ad-Hoc|ARM.Build.0 = Release|ARM
		{B8FED8C8-3E0E-42AA-B28B-29E89BE00346}.Ad-Hoc|ARM.Deploy.0 = Release|ARM
		{B8FED8C8-3E0E-42AA-B28B-29E89BE00346}.Ad-Hoc|iPhone.ActiveCfg = Release|x86
		{B8FED8C8-3E0E-42AA-B28B-29E89BE00346}.Ad-Hoc|iPhone.Build.0 = Release|x86
		{B8FED8C8-3E0E-42AA-B28B-29E89BE00346}.Ad-Hoc|iPhone.Deploy.0 = Release|x86
		{B8FED8C8-3E0E-42AA-B28B-29E89BE00346}.Ad-Hoc|iPhoneSimulator.ActiveCfg = Release|x86
		{B8FED8C8-3E0E-42AA-B28B-29E89BE00346}.Ad-Hoc|iPhoneSimulator.Build.0 = Release|x86
		{B8FED8C8-3E0E-42AA-B28B-29E89BE00346}.Ad-Hoc|iPhoneSimulator.Deploy.0 = Release|x86
		{B8FED8C8-3E0E-42AA-B28B-29E89BE00346}.Ad-Hoc|x64.ActiveCfg = Release|x64
		{B8FED8C8-3E0E-42AA-B28B-29E89BE00346}.Ad-Hoc|x64.Build.0 = Release|x64
		{B8FED8C8-3E0E-42AA-B28B-29E89BE00346}.Ad-Hoc|x64.Deploy.0 = Release|x64
		{B8FED8C8-3E0E-42AA-B28B-29E89BE00346}.Ad-Hoc|x86.ActiveCfg = Release|x86
		{B8FED8C8-3E0E-42AA-B28B-29E89BE00346}.Ad-Hoc|x86.Build.0 = Release|x86
		{B8FED8C8-3E0E-42AA-B28B-29E89BE00346}.Ad-Hoc|x86.Deploy.0 = Release|x86
		{B8FED8C8-3E0E-42AA-B28B-29E89BE00346}.AppStore|Any CPU.ActiveCfg = Release|x86
		{B8FED8C8-3E0E-42AA-B28B-29E89BE00346}.AppStore|Any CPU.Build.0 = Release|x86
		{B8FED8C8-3E0E-42AA-B28B-29E89BE00346}.AppStore|Any CPU.Deploy.0 = Release|x86
		{B8FED8C8-3E0E-42AA-B28B-29E89BE00346}.AppStore|ARM.ActiveCfg = Release|ARM
		{B8FED8C8-3E0E-42AA-B28B-29E89BE00346}.AppStore|ARM.Build.0 = Release|ARM
		{B8FED8C8-3E0E-42AA-B28B-29E89BE00346}.AppStore|ARM.Deploy.0 = Release|ARM
		{B8FED8C8-3E0E-42AA-B28B-29E89BE00346}.AppStore|iPhone.ActiveCfg = Release|x86
		{B8FED8C8-3E0E-42AA-B28B-29E89BE00346}.AppStore|iPhone.Build.0 = Release|x86
		{B8FED8C8-3E0E-42AA-B28B-29E89BE00346}.AppStore|iPhone.Deploy.0 = Release|x86
		{B8FED8C8-3E0E-42AA-B28B-29E89BE00346}.AppStore|iPhoneSimulator.ActiveCfg = Release|x86
		{B8FED8C8-3E0E-42AA-B28B-29E89BE00346}.AppStore|iPhoneSimulator.Build.0 = Release|x86
		{B8FED8C8-3E0E-42AA-B28B-29E89BE00346}.AppStore|iPhoneSimulator.Deploy.0 = Release|x86
		{B8FED8C8-3E0E-42AA-B28B-29E89BE00346}.AppStore|x64.ActiveCfg = Release|x64
		{B8FED8C8-3E0E-42AA-B28B-29E89BE00346}.AppStore|x64.Build.0 = Release|x64
		{B8FED8C8-3E0E-42AA-B28B-29E89BE00346}.AppStore|x64.Deploy.0 = Release|x64
		{B8FED8C8-3E0E-42AA-B28B-29E89BE00346}.AppStore|x86.ActiveCfg = Release|x86
		{B8FED8C8-3E0E-42AA-B28B-29E89BE00346}.AppStore|x86.Build.0 = Release|x86
		{B8FED8C8-3E0E-42AA-B28B-29E89BE00346}.AppStore|x86.Deploy.0 = Release|x86
		{B8FED8C8-3E0E-42AA-B28B-29E89BE00346}.Debug|Any CPU.ActiveCfg = Debug|x86
		{B8FED8C8-3E0E-42AA-B28B-29E89BE00346}.Debug|ARM.ActiveCfg = Debug|ARM
		{B8FED8C8-3E0E-42AA-B28B-29E89BE00346}.Debug|ARM.Build.0 = Debug|ARM
		{B8FED8C8-3E0E-42AA-B28B-29E89BE00346}.Debug|ARM.Deploy.0 = Debug|ARM
		{B8FED8C8-3E0E-42AA-B28B-29E89BE00346}.Debug|iPhone.ActiveCfg = Debug|x86
		{B8FED8C8-3E0E-42AA-B28B-29E89BE00346}.Debug|iPhoneSimulator.ActiveCfg = Debug|x86
		{B8FED8C8-3E0E-42AA-B28B-29E89BE00346}.Debug|x64.ActiveCfg = Debug|x64
		{B8FED8C8-3E0E-42AA-B28B-29E89BE00346}.Debug|x64.Build.0 = Debug|x64
		{B8FED8C8-3E0E-42AA-B28B-29E89BE00346}.Debug|x64.Deploy.0 = Debug|x64
		{B8FED8C8-3E0E-42AA-B28B-29E89BE00346}.Debug|x86.ActiveCfg = Debug|x86
		{B8FED8C8-3E0E-42AA-B28B-29E89BE00346}.Debug|x86.Build.0 = Debug|x86
		{B8FED8C8-3E0E-42AA-B28B-29E89BE00346}.Debug|x86.Deploy.0 = Debug|x86
		{B8FED8C8-3E0E-42AA-B28B-29E89BE00346}.Release|Any CPU.ActiveCfg = Release|x86
		{B8FED8C8-3E0E-42AA-B28B-29E89BE00346}.Release|ARM.ActiveCfg = Release|ARM
		{B8FED8C8-3E0E-42AA-B28B-29E89BE00346}.Release|ARM.Build.0 = Release|ARM
		{B8FED8C8-3E0E-42AA-B28B-29E89BE00346}.Release|ARM.Deploy.0 = Release|ARM
		{B8FED8C8-3E0E-42AA-B28B-29E89BE00346}.Release|iPhone.ActiveCfg = Release|x86
		{B8FED8C8-3E0E-42AA-B28B-29E89BE00346}.Release|iPhoneSimulator.ActiveCfg = Release|x86
		{B8FED8C8-3E0E-42AA-B28B-29E89BE00346}.Release|x64.ActiveCfg = Release|x64
		{B8FED8C8-3E0E-42AA-B28B-29E89BE00346}.Release|x64.Build.0 = Release|x64
		{B8FED8C8-3E0E-42AA-B28B-29E89BE00346}.Release|x64.Deploy.0 = Release|x64
		{B8FED8C8-3E0E-42AA-B28B-29E89BE00346}.Release|x86.ActiveCfg = Release|x86
		{B8FED8C8-3E0E-42AA-B28B-29E89BE00346}.Release|x86.Build.0 = Release|x86
		{B8FED8C8-3E0E-42AA-B28B-29E89BE00346}.Release|x86.Deploy.0 = Release|x86
		{EDF11507-F706-46B4-977D-8EF41A4FD9D5}.Ad-Hoc|Any CPU.ActiveCfg = Release|Any CPU
		{EDF11507-F706-46B4-977D-8EF41A4FD9D5}.Ad-Hoc|Any CPU.Build.0 = Release|Any CPU
		{EDF11507-F706-46B4-977D-8EF41A4FD9D5}.Ad-Hoc|Any CPU.Deploy.0 = Release|Any CPU
		{EDF11507-F706-46B4-977D-8EF41A4FD9D5}.Ad-Hoc|ARM.ActiveCfg = Release|ARM
		{EDF11507-F706-46B4-977D-8EF41A4FD9D5}.Ad-Hoc|ARM.Build.0 = Release|ARM
		{EDF11507-F706-46B4-977D-8EF41A4FD9D5}.Ad-Hoc|ARM.Deploy.0 = Release|ARM
		{EDF11507-F706-46B4-977D-8EF41A4FD9D5}.Ad-Hoc|iPhone.ActiveCfg = Release|Any CPU
		{EDF11507-F706-46B4-977D-8EF41A4FD9D5}.Ad-Hoc|iPhone.Build.0 = Release|Any CPU
		{EDF11507-F706-46B4-977D-8EF41A4FD9D5}.Ad-Hoc|iPhone.Deploy.0 = Release|Any CPU
		{EDF11507-F706-46B4-977D-8EF41A4FD9D5}.Ad-Hoc|iPhoneSimulator.ActiveCfg = Release|Any CPU
		{EDF11507-F706-46B4-977D-8EF41A4FD9D5}.Ad-Hoc|iPhoneSimulator.Build.0 = Release|Any CPU
		{EDF11507-F706-46B4-977D-8EF41A4FD9D5}.Ad-Hoc|iPhoneSimulator.Deploy.0 = Release|Any CPU
		{EDF11507-F706-46B4-977D-8EF41A4FD9D5}.Ad-Hoc|x64.ActiveCfg = Release|x64
		{EDF11507-F706-46B4-977D-8EF41A4FD9D5}.Ad-Hoc|x64.Build.0 = Release|x64
		{EDF11507-F706-46B4-977D-8EF41A4FD9D5}.Ad-Hoc|x64.Deploy.0 = Release|x64
		{EDF11507-F706-46B4-977D-8EF41A4FD9D5}.Ad-Hoc|x86.ActiveCfg = Release|x86
		{EDF11507-F706-46B4-977D-8EF41A4FD9D5}.Ad-Hoc|x86.Build.0 = Release|x86
		{EDF11507-F706-46B4-977D-8EF41A4FD9D5}.Ad-Hoc|x86.Deploy.0 = Release|x86
		{EDF11507-F706-46B4-977D-8EF41A4FD9D5}.AppStore|Any CPU.ActiveCfg = Release|Any CPU
		{EDF11507-F706-46B4-977D-8EF41A4FD9D5}.AppStore|Any CPU.Build.0 = Release|Any CPU
		{EDF11507-F706-46B4-977D-8EF41A4FD9D5}.AppStore|Any CPU.Deploy.0 = Release|Any CPU
		{EDF11507-F706-46B4-977D-8EF41A4FD9D5}.AppStore|ARM.ActiveCfg = Release|ARM
		{EDF11507-F706-46B4-977D-8EF41A4FD9D5}.AppStore|ARM.Build.0 = Release|ARM
		{EDF11507-F706-46B4-977D-8EF41A4FD9D5}.AppStore|ARM.Deploy.0 = Release|ARM
		{EDF11507-F706-46B4-977D-8EF41A4FD9D5}.AppStore|iPhone.ActiveCfg = Release|Any CPU
		{EDF11507-F706-46B4-977D-8EF41A4FD9D5}.AppStore|iPhone.Build.0 = Release|Any CPU
		{EDF11507-F706-46B4-977D-8EF41A4FD9D5}.AppStore|iPhone.Deploy.0 = Release|Any CPU
		{EDF11507-F706-46B4-977D-8EF41A4FD9D5}.AppStore|iPhoneSimulator.ActiveCfg = Release|Any CPU
		{EDF11507-F706-46B4-977D-8EF41A4FD9D5}.AppStore|iPhoneSimulator.Build.0 = Release|Any CPU
		{EDF11507-F706-46B4-977D-8EF41A4FD9D5}.AppStore|iPhoneSimulator.Deploy.0 = Release|Any CPU
		{EDF11507-F706-46B4-977D-8EF41A4FD9D5}.AppStore|x64.ActiveCfg = Release|x64
		{EDF11507-F706-46B4-977D-8EF41A4FD9D5}.AppStore|x64.Build.0 = Release|x64
		{EDF11507-F706-46B4-977D-8EF41A4FD9D5}.AppStore|x64.Deploy.0 = Release|x64
		{EDF11507-F706-46B4-977D-8EF41A4FD9D5}.AppStore|x86.ActiveCfg = Release|x86
		{EDF11507-F706-46B4-977D-8EF41A4FD9D5}.AppStore|x86.Build.0 = Release|x86
		{EDF11507-F706-46B4-977D-8EF41A4FD9D5}.AppStore|x86.Deploy.0 = Release|x86
		{EDF11507-F706-46B4-977D-8EF41A4FD9D5}.Debug|Any CPU.ActiveCfg = Debug|Any CPU
		{EDF11507-F706-46B4-977D-8EF41A4FD9D5}.Debug|Any CPU.Build.0 = Debug|Any CPU
		{EDF11507-F706-46B4-977D-8EF41A4FD9D5}.Debug|Any CPU.Deploy.0 = Debug|Any CPU
		{EDF11507-F706-46B4-977D-8EF41A4FD9D5}.Debug|ARM.ActiveCfg = Debug|ARM
		{EDF11507-F706-46B4-977D-8EF41A4FD9D5}.Debug|ARM.Build.0 = Debug|ARM
		{EDF11507-F706-46B4-977D-8EF41A4FD9D5}.Debug|ARM.Deploy.0 = Debug|ARM
		{EDF11507-F706-46B4-977D-8EF41A4FD9D5}.Debug|iPhone.ActiveCfg = Debug|Any CPU
		{EDF11507-F706-46B4-977D-8EF41A4FD9D5}.Debug|iPhone.Build.0 = Debug|Any CPU
		{EDF11507-F706-46B4-977D-8EF41A4FD9D5}.Debug|iPhone.Deploy.0 = Debug|Any CPU
		{EDF11507-F706-46B4-977D-8EF41A4FD9D5}.Debug|iPhoneSimulator.ActiveCfg = Debug|Any CPU
		{EDF11507-F706-46B4-977D-8EF41A4FD9D5}.Debug|iPhoneSimulator.Build.0 = Debug|Any CPU
		{EDF11507-F706-46B4-977D-8EF41A4FD9D5}.Debug|iPhoneSimulator.Deploy.0 = Debug|Any CPU
		{EDF11507-F706-46B4-977D-8EF41A4FD9D5}.Debug|x64.ActiveCfg = Debug|x64
		{EDF11507-F706-46B4-977D-8EF41A4FD9D5}.Debug|x64.Build.0 = Debug|x64
		{EDF11507-F706-46B4-977D-8EF41A4FD9D5}.Debug|x64.Deploy.0 = Debug|x64
		{EDF11507-F706-46B4-977D-8EF41A4FD9D5}.Debug|x86.ActiveCfg = Debug|x86
		{EDF11507-F706-46B4-977D-8EF41A4FD9D5}.Debug|x86.Build.0 = Debug|x86
		{EDF11507-F706-46B4-977D-8EF41A4FD9D5}.Debug|x86.Deploy.0 = Debug|x86
		{EDF11507-F706-46B4-977D-8EF41A4FD9D5}.Release|Any CPU.ActiveCfg = Release|Any CPU
		{EDF11507-F706-46B4-977D-8EF41A4FD9D5}.Release|Any CPU.Build.0 = Release|Any CPU
		{EDF11507-F706-46B4-977D-8EF41A4FD9D5}.Release|Any CPU.Deploy.0 = Release|Any CPU
		{EDF11507-F706-46B4-977D-8EF41A4FD9D5}.Release|ARM.ActiveCfg = Release|ARM
		{EDF11507-F706-46B4-977D-8EF41A4FD9D5}.Release|ARM.Build.0 = Release|ARM
		{EDF11507-F706-46B4-977D-8EF41A4FD9D5}.Release|ARM.Deploy.0 = Release|ARM
		{EDF11507-F706-46B4-977D-8EF41A4FD9D5}.Release|iPhone.ActiveCfg = Release|Any CPU
		{EDF11507-F706-46B4-977D-8EF41A4FD9D5}.Release|iPhone.Build.0 = Release|Any CPU
		{EDF11507-F706-46B4-977D-8EF41A4FD9D5}.Release|iPhone.Deploy.0 = Release|Any CPU
		{EDF11507-F706-46B4-977D-8EF41A4FD9D5}.Release|iPhoneSimulator.ActiveCfg = Release|Any CPU
		{EDF11507-F706-46B4-977D-8EF41A4FD9D5}.Release|iPhoneSimulator.Build.0 = Release|Any CPU
		{EDF11507-F706-46B4-977D-8EF41A4FD9D5}.Release|iPhoneSimulator.Deploy.0 = Release|Any CPU
		{EDF11507-F706-46B4-977D-8EF41A4FD9D5}.Release|x64.ActiveCfg = Release|x64
		{EDF11507-F706-46B4-977D-8EF41A4FD9D5}.Release|x64.Build.0 = Release|x64
		{EDF11507-F706-46B4-977D-8EF41A4FD9D5}.Release|x64.Deploy.0 = Release|x64
		{EDF11507-F706-46B4-977D-8EF41A4FD9D5}.Release|x86.ActiveCfg = Release|x86
		{EDF11507-F706-46B4-977D-8EF41A4FD9D5}.Release|x86.Build.0 = Release|x86
		{EDF11507-F706-46B4-977D-8EF41A4FD9D5}.Release|x86.Deploy.0 = Release|x86
		{83795037-03C5-4628-919F-671BC9CA24CF}.Ad-Hoc|Any CPU.ActiveCfg = Release|Any CPU
		{83795037-03C5-4628-919F-671BC9CA24CF}.Ad-Hoc|Any CPU.Build.0 = Release|Any CPU
		{83795037-03C5-4628-919F-671BC9CA24CF}.Ad-Hoc|ARM.ActiveCfg = Release|Any CPU
		{83795037-03C5-4628-919F-671BC9CA24CF}.Ad-Hoc|ARM.Build.0 = Release|Any CPU
		{83795037-03C5-4628-919F-671BC9CA24CF}.Ad-Hoc|iPhone.ActiveCfg = Release|Any CPU
		{83795037-03C5-4628-919F-671BC9CA24CF}.Ad-Hoc|iPhone.Build.0 = Release|Any CPU
		{83795037-03C5-4628-919F-671BC9CA24CF}.Ad-Hoc|iPhoneSimulator.ActiveCfg = Release|Any CPU
		{83795037-03C5-4628-919F-671BC9CA24CF}.Ad-Hoc|iPhoneSimulator.Build.0 = Release|Any CPU
		{83795037-03C5-4628-919F-671BC9CA24CF}.Ad-Hoc|x64.ActiveCfg = Release|Any CPU
		{83795037-03C5-4628-919F-671BC9CA24CF}.Ad-Hoc|x64.Build.0 = Release|Any CPU
		{83795037-03C5-4628-919F-671BC9CA24CF}.Ad-Hoc|x86.ActiveCfg = Release|Any CPU
		{83795037-03C5-4628-919F-671BC9CA24CF}.Ad-Hoc|x86.Build.0 = Release|Any CPU
		{83795037-03C5-4628-919F-671BC9CA24CF}.AppStore|Any CPU.ActiveCfg = Release|Any CPU
		{83795037-03C5-4628-919F-671BC9CA24CF}.AppStore|Any CPU.Build.0 = Release|Any CPU
		{83795037-03C5-4628-919F-671BC9CA24CF}.AppStore|ARM.ActiveCfg = Release|Any CPU
		{83795037-03C5-4628-919F-671BC9CA24CF}.AppStore|ARM.Build.0 = Release|Any CPU
		{83795037-03C5-4628-919F-671BC9CA24CF}.AppStore|iPhone.ActiveCfg = Release|Any CPU
		{83795037-03C5-4628-919F-671BC9CA24CF}.AppStore|iPhone.Build.0 = Release|Any CPU
		{83795037-03C5-4628-919F-671BC9CA24CF}.AppStore|iPhoneSimulator.ActiveCfg = Release|Any CPU
		{83795037-03C5-4628-919F-671BC9CA24CF}.AppStore|iPhoneSimulator.Build.0 = Release|Any CPU
		{83795037-03C5-4628-919F-671BC9CA24CF}.AppStore|x64.ActiveCfg = Release|Any CPU
		{83795037-03C5-4628-919F-671BC9CA24CF}.AppStore|x64.Build.0 = Release|Any CPU
		{83795037-03C5-4628-919F-671BC9CA24CF}.AppStore|x86.ActiveCfg = Release|Any CPU
		{83795037-03C5-4628-919F-671BC9CA24CF}.AppStore|x86.Build.0 = Release|Any CPU
		{83795037-03C5-4628-919F-671BC9CA24CF}.Debug|Any CPU.ActiveCfg = Debug|Any CPU
		{83795037-03C5-4628-919F-671BC9CA24CF}.Debug|Any CPU.Build.0 = Debug|Any CPU
		{83795037-03C5-4628-919F-671BC9CA24CF}.Debug|ARM.ActiveCfg = Debug|Any CPU
		{83795037-03C5-4628-919F-671BC9CA24CF}.Debug|ARM.Build.0 = Debug|Any CPU
		{83795037-03C5-4628-919F-671BC9CA24CF}.Debug|iPhone.ActiveCfg = Debug|Any CPU
		{83795037-03C5-4628-919F-671BC9CA24CF}.Debug|iPhone.Build.0 = Debug|Any CPU
		{83795037-03C5-4628-919F-671BC9CA24CF}.Debug|iPhoneSimulator.ActiveCfg = Debug|Any CPU
		{83795037-03C5-4628-919F-671BC9CA24CF}.Debug|iPhoneSimulator.Build.0 = Debug|Any CPU
		{83795037-03C5-4628-919F-671BC9CA24CF}.Debug|x64.ActiveCfg = Debug|Any CPU
		{83795037-03C5-4628-919F-671BC9CA24CF}.Debug|x64.Build.0 = Debug|Any CPU
		{83795037-03C5-4628-919F-671BC9CA24CF}.Debug|x86.ActiveCfg = Debug|Any CPU
		{83795037-03C5-4628-919F-671BC9CA24CF}.Debug|x86.Build.0 = Debug|Any CPU
		{83795037-03C5-4628-919F-671BC9CA24CF}.Release|Any CPU.ActiveCfg = Release|Any CPU
		{83795037-03C5-4628-919F-671BC9CA24CF}.Release|Any CPU.Build.0 = Release|Any CPU
		{83795037-03C5-4628-919F-671BC9CA24CF}.Release|ARM.ActiveCfg = Release|Any CPU
		{83795037-03C5-4628-919F-671BC9CA24CF}.Release|ARM.Build.0 = Release|Any CPU
		{83795037-03C5-4628-919F-671BC9CA24CF}.Release|iPhone.ActiveCfg = Release|Any CPU
		{83795037-03C5-4628-919F-671BC9CA24CF}.Release|iPhone.Build.0 = Release|Any CPU
		{83795037-03C5-4628-919F-671BC9CA24CF}.Release|iPhoneSimulator.ActiveCfg = Release|Any CPU
		{83795037-03C5-4628-919F-671BC9CA24CF}.Release|iPhoneSimulator.Build.0 = Release|Any CPU
		{83795037-03C5-4628-919F-671BC9CA24CF}.Release|x64.ActiveCfg = Release|Any CPU
		{83795037-03C5-4628-919F-671BC9CA24CF}.Release|x64.Build.0 = Release|Any CPU
		{83795037-03C5-4628-919F-671BC9CA24CF}.Release|x86.ActiveCfg = Release|Any CPU
		{83795037-03C5-4628-919F-671BC9CA24CF}.Release|x86.Build.0 = Release|Any CPU
	EndGlobalSection
	GlobalSection(SolutionProperties) = preSolution
		HideSolutionNode = FALSE
	EndGlobalSection
EndGlobal
