
Microsoft Visual Studio Solution File, Format Version 12.00
# Visual Studio 14
VisualStudioVersion = 14.0.25420.1
MinimumVisualStudioVersion = 10.0.40219.1
Project("{FAE04EC0-301F-11D3-BF4B-00C04F79EFBC}") = "XDayLab3", "XDayLab3\XDayLab3\XDayLab3.csproj", "{F505C74D-0837-4918-9867-5EBB2937BBB6}"
EndProject
Project("{FAE04EC0-301F-11D3-BF4B-00C04F79EFBC}") = "XDayLab3.Droid", "XDayLab3\XDayLab3.Droid\XDayLab3.Droid.csproj", "{85A132F3-C0EB-4D2D-8636-0F256C6B1BDE}"
EndProject
Project("{FAE04EC0-301F-11D3-BF4B-00C04F79EFBC}") = "XDayLab3.iOS", "XDayLab3\XDayLab3.iOS\XDayLab3.iOS.csproj", "{603492BC-91BA-48F6-959F-20E74E037A62}"
EndProject
Project("{FAE04EC0-301F-11D3-BF4B-00C04F79EFBC}") = "XDayLab3.WinPhone", "XDayLab3\XDayLab3.WinPhone\XDayLab3.WinPhone.csproj", "{5B10C72D-13E6-4C05-9152-5F3CADDB1E44}"
EndProject
Project("{FAE04EC0-301F-11D3-BF4B-00C04F79EFBC}") = "XDayLab3.UWP", "XDayLab3\XDayLab3.UWP\XDayLab3.UWP.csproj", "{649C99EC-560B-4C9F-A95F-3459CBB72033}"
EndProject
Project("{FAE04EC0-301F-11D3-BF4B-00C04F79EFBC}") = "XDayLab3.Windows", "XDayLab3\XDayLab3.Windows\XDayLab3.Windows.csproj", "{7CBB31D6-AAAD-4DF2-A329-AAA900103F7D}"
EndProject
Global
	GlobalSection(SolutionConfigurationPlatforms) = preSolution
		Ad-Hoc|Any CPU = Ad-Hoc|Any CPU
		Ad-Hoc|ARM = Ad-Hoc|ARM
		Ad-Hoc|iPhone = Ad-Hoc|iPhone
		Ad-Hoc|iPhoneSimulator = Ad-Hoc|iPhoneSimulator
		Ad-Hoc|x64 = Ad-Hoc|x64
		Ad-Hoc|x86 = Ad-Hoc|x86
		AppStore|Any CPU = AppStore|Any CPU
		AppStore|ARM = AppStore|ARM
		AppStore|iPhone = AppStore|iPhone
		AppStore|iPhoneSimulator = AppStore|iPhoneSimulator
		AppStore|x64 = AppStore|x64
		AppStore|x86 = AppStore|x86
		Debug|Any CPU = Debug|Any CPU
		Debug|ARM = Debug|ARM
		Debug|iPhone = Debug|iPhone
		Debug|iPhoneSimulator = Debug|iPhoneSimulator
		Debug|x64 = Debug|x64
		Debug|x86 = Debug|x86
		Release|Any CPU = Release|Any CPU
		Release|ARM = Release|ARM
		Release|iPhone = Release|iPhone
		Release|iPhoneSimulator = Release|iPhoneSimulator
		Release|x64 = Release|x64
		Release|x86 = Release|x86
	EndGlobalSection
	GlobalSection(ProjectConfigurationPlatforms) = postSolution
		{F505C74D-0837-4918-9867-5EBB2937BBB6}.Ad-Hoc|Any CPU.ActiveCfg = Release|Any CPU
		{F505C74D-0837-4918-9867-5EBB2937BBB6}.Ad-Hoc|Any CPU.Build.0 = Release|Any CPU
		{F505C74D-0837-4918-9867-5EBB2937BBB6}.Ad-Hoc|ARM.ActiveCfg = Release|Any CPU
		{F505C74D-0837-4918-9867-5EBB2937BBB6}.Ad-Hoc|ARM.Build.0 = Release|Any CPU
		{F505C74D-0837-4918-9867-5EBB2937BBB6}.Ad-Hoc|iPhone.ActiveCfg = Release|Any CPU
		{F505C74D-0837-4918-9867-5EBB2937BBB6}.Ad-Hoc|iPhone.Build.0 = Release|Any CPU
		{F505C74D-0837-4918-9867-5EBB2937BBB6}.Ad-Hoc|iPhoneSimulator.ActiveCfg = Release|Any CPU
		{F505C74D-0837-4918-9867-5EBB2937BBB6}.Ad-Hoc|iPhoneSimulator.Build.0 = Release|Any CPU
		{F505C74D-0837-4918-9867-5EBB2937BBB6}.Ad-Hoc|x64.ActiveCfg = Release|Any CPU
		{F505C74D-0837-4918-9867-5EBB2937BBB6}.Ad-Hoc|x64.Build.0 = Release|Any CPU
		{F505C74D-0837-4918-9867-5EBB2937BBB6}.Ad-Hoc|x86.ActiveCfg = Release|Any CPU
		{F505C74D-0837-4918-9867-5EBB2937BBB6}.Ad-Hoc|x86.Build.0 = Release|Any CPU
		{F505C74D-0837-4918-9867-5EBB2937BBB6}.AppStore|Any CPU.ActiveCfg = Release|Any CPU
		{F505C74D-0837-4918-9867-5EBB2937BBB6}.AppStore|Any CPU.Build.0 = Release|Any CPU
		{F505C74D-0837-4918-9867-5EBB2937BBB6}.AppStore|ARM.ActiveCfg = Release|Any CPU
		{F505C74D-0837-4918-9867-5EBB2937BBB6}.AppStore|ARM.Build.0 = Release|Any CPU
		{F505C74D-0837-4918-9867-5EBB2937BBB6}.AppStore|iPhone.ActiveCfg = Release|Any CPU
		{F505C74D-0837-4918-9867-5EBB2937BBB6}.AppStore|iPhone.Build.0 = Release|Any CPU
		{F505C74D-0837-4918-9867-5EBB2937BBB6}.AppStore|iPhoneSimulator.ActiveCfg = Release|Any CPU
		{F505C74D-0837-4918-9867-5EBB2937BBB6}.AppStore|iPhoneSimulator.Build.0 = Release|Any CPU
		{F505C74D-0837-4918-9867-5EBB2937BBB6}.AppStore|x64.ActiveCfg = Release|Any CPU
		{F505C74D-0837-4918-9867-5EBB2937BBB6}.AppStore|x64.Build.0 = Release|Any CPU
		{F505C74D-0837-4918-9867-5EBB2937BBB6}.AppStore|x86.ActiveCfg = Release|Any CPU
		{F505C74D-0837-4918-9867-5EBB2937BBB6}.AppStore|x86.Build.0 = Release|Any CPU
		{F505C74D-0837-4918-9867-5EBB2937BBB6}.Debug|Any CPU.ActiveCfg = Debug|Any CPU
		{F505C74D-0837-4918-9867-5EBB2937BBB6}.Debug|Any CPU.Build.0 = Debug|Any CPU
		{F505C74D-0837-4918-9867-5EBB2937BBB6}.Debug|ARM.ActiveCfg = Debug|Any CPU
		{F505C74D-0837-4918-9867-5EBB2937BBB6}.Debug|ARM.Build.0 = Debug|Any CPU
		{F505C74D-0837-4918-9867-5EBB2937BBB6}.Debug|iPhone.ActiveCfg = Debug|Any CPU
		{F505C74D-0837-4918-9867-5EBB2937BBB6}.Debug|iPhone.Build.0 = Debug|Any CPU
		{F505C74D-0837-4918-9867-5EBB2937BBB6}.Debug|iPhoneSimulator.ActiveCfg = Debug|Any CPU
		{F505C74D-0837-4918-9867-5EBB2937BBB6}.Debug|iPhoneSimulator.Build.0 = Debug|Any CPU
		{F505C74D-0837-4918-9867-5EBB2937BBB6}.Debug|x64.ActiveCfg = Debug|Any CPU
		{F505C74D-0837-4918-9867-5EBB2937BBB6}.Debug|x64.Build.0 = Debug|Any CPU
		{F505C74D-0837-4918-9867-5EBB2937BBB6}.Debug|x86.ActiveCfg = Debug|Any CPU
		{F505C74D-0837-4918-9867-5EBB2937BBB6}.Debug|x86.Build.0 = Debug|Any CPU
		{F505C74D-0837-4918-9867-5EBB2937BBB6}.Release|Any CPU.ActiveCfg = Release|Any CPU
		{F505C74D-0837-4918-9867-5EBB2937BBB6}.Release|Any CPU.Build.0 = Release|Any CPU
		{F505C74D-0837-4918-9867-5EBB2937BBB6}.Release|ARM.ActiveCfg = Release|Any CPU
		{F505C74D-0837-4918-9867-5EBB2937BBB6}.Release|ARM.Build.0 = Release|Any CPU
		{F505C74D-0837-4918-9867-5EBB2937BBB6}.Release|iPhone.ActiveCfg = Release|Any CPU
		{F505C74D-0837-4918-9867-5EBB2937BBB6}.Release|iPhone.Build.0 = Release|Any CPU
		{F505C74D-0837-4918-9867-5EBB2937BBB6}.Release|iPhoneSimulator.ActiveCfg = Release|Any CPU
		{F505C74D-0837-4918-9867-5EBB2937BBB6}.Release|iPhoneSimulator.Build.0 = Release|Any CPU
		{F505C74D-0837-4918-9867-5EBB2937BBB6}.Release|x64.ActiveCfg = Release|Any CPU
		{F505C74D-0837-4918-9867-5EBB2937BBB6}.Release|x64.Build.0 = Release|Any CPU
		{F505C74D-0837-4918-9867-5EBB2937BBB6}.Release|x86.ActiveCfg = Release|Any CPU
		{F505C74D-0837-4918-9867-5EBB2937BBB6}.Release|x86.Build.0 = Release|Any CPU
		{85A132F3-C0EB-4D2D-8636-0F256C6B1BDE}.Ad-Hoc|Any CPU.ActiveCfg = Release|Any CPU
		{85A132F3-C0EB-4D2D-8636-0F256C6B1BDE}.Ad-Hoc|Any CPU.Build.0 = Release|Any CPU
		{85A132F3-C0EB-4D2D-8636-0F256C6B1BDE}.Ad-Hoc|Any CPU.Deploy.0 = Release|Any CPU
		{85A132F3-C0EB-4D2D-8636-0F256C6B1BDE}.Ad-Hoc|ARM.ActiveCfg = Release|Any CPU
		{85A132F3-C0EB-4D2D-8636-0F256C6B1BDE}.Ad-Hoc|ARM.Build.0 = Release|Any CPU
		{85A132F3-C0EB-4D2D-8636-0F256C6B1BDE}.Ad-Hoc|ARM.Deploy.0 = Release|Any CPU
		{85A132F3-C0EB-4D2D-8636-0F256C6B1BDE}.Ad-Hoc|iPhone.ActiveCfg = Release|Any CPU
		{85A132F3-C0EB-4D2D-8636-0F256C6B1BDE}.Ad-Hoc|iPhone.Build.0 = Release|Any CPU
		{85A132F3-C0EB-4D2D-8636-0F256C6B1BDE}.Ad-Hoc|iPhone.Deploy.0 = Release|Any CPU
		{85A132F3-C0EB-4D2D-8636-0F256C6B1BDE}.Ad-Hoc|iPhoneSimulator.ActiveCfg = Release|Any CPU
		{85A132F3-C0EB-4D2D-8636-0F256C6B1BDE}.Ad-Hoc|iPhoneSimulator.Build.0 = Release|Any CPU
		{85A132F3-C0EB-4D2D-8636-0F256C6B1BDE}.Ad-Hoc|iPhoneSimulator.Deploy.0 = Release|Any CPU
		{85A132F3-C0EB-4D2D-8636-0F256C6B1BDE}.Ad-Hoc|x64.ActiveCfg = Release|Any CPU
		{85A132F3-C0EB-4D2D-8636-0F256C6B1BDE}.Ad-Hoc|x64.Build.0 = Release|Any CPU
		{85A132F3-C0EB-4D2D-8636-0F256C6B1BDE}.Ad-Hoc|x64.Deploy.0 = Release|Any CPU
		{85A132F3-C0EB-4D2D-8636-0F256C6B1BDE}.Ad-Hoc|x86.ActiveCfg = Release|Any CPU
		{85A132F3-C0EB-4D2D-8636-0F256C6B1BDE}.Ad-Hoc|x86.Build.0 = Release|Any CPU
		{85A132F3-C0EB-4D2D-8636-0F256C6B1BDE}.Ad-Hoc|x86.Deploy.0 = Release|Any CPU
		{85A132F3-C0EB-4D2D-8636-0F256C6B1BDE}.AppStore|Any CPU.ActiveCfg = Release|Any CPU
		{85A132F3-C0EB-4D2D-8636-0F256C6B1BDE}.AppStore|Any CPU.Build.0 = Release|Any CPU
		{85A132F3-C0EB-4D2D-8636-0F256C6B1BDE}.AppStore|Any CPU.Deploy.0 = Release|Any CPU
		{85A132F3-C0EB-4D2D-8636-0F256C6B1BDE}.AppStore|ARM.ActiveCfg = Release|Any CPU
		{85A132F3-C0EB-4D2D-8636-0F256C6B1BDE}.AppStore|ARM.Build.0 = Release|Any CPU
		{85A132F3-C0EB-4D2D-8636-0F256C6B1BDE}.AppStore|ARM.Deploy.0 = Release|Any CPU
		{85A132F3-C0EB-4D2D-8636-0F256C6B1BDE}.AppStore|iPhone.ActiveCfg = Release|Any CPU
		{85A132F3-C0EB-4D2D-8636-0F256C6B1BDE}.AppStore|iPhone.Build.0 = Release|Any CPU
		{85A132F3-C0EB-4D2D-8636-0F256C6B1BDE}.AppStore|iPhone.Deploy.0 = Release|Any CPU
		{85A132F3-C0EB-4D2D-8636-0F256C6B1BDE}.AppStore|iPhoneSimulator.ActiveCfg = Release|Any CPU
		{85A132F3-C0EB-4D2D-8636-0F256C6B1BDE}.AppStore|iPhoneSimulator.Build.0 = Release|Any CPU
		{85A132F3-C0EB-4D2D-8636-0F256C6B1BDE}.AppStore|iPhoneSimulator.Deploy.0 = Release|Any CPU
		{85A132F3-C0EB-4D2D-8636-0F256C6B1BDE}.AppStore|x64.ActiveCfg = Release|Any CPU
		{85A132F3-C0EB-4D2D-8636-0F256C6B1BDE}.AppStore|x64.Build.0 = Release|Any CPU
		{85A132F3-C0EB-4D2D-8636-0F256C6B1BDE}.AppStore|x64.Deploy.0 = Release|Any CPU
		{85A132F3-C0EB-4D2D-8636-0F256C6B1BDE}.AppStore|x86.ActiveCfg = Release|Any CPU
		{85A132F3-C0EB-4D2D-8636-0F256C6B1BDE}.AppStore|x86.Build.0 = Release|Any CPU
		{85A132F3-C0EB-4D2D-8636-0F256C6B1BDE}.AppStore|x86.Deploy.0 = Release|Any CPU
		{85A132F3-C0EB-4D2D-8636-0F256C6B1BDE}.Debug|Any CPU.ActiveCfg = Debug|Any CPU
		{85A132F3-C0EB-4D2D-8636-0F256C6B1BDE}.Debug|Any CPU.Build.0 = Debug|Any CPU
		{85A132F3-C0EB-4D2D-8636-0F256C6B1BDE}.Debug|Any CPU.Deploy.0 = Debug|Any CPU
		{85A132F3-C0EB-4D2D-8636-0F256C6B1BDE}.Debug|ARM.ActiveCfg = Debug|Any CPU
		{85A132F3-C0EB-4D2D-8636-0F256C6B1BDE}.Debug|ARM.Build.0 = Debug|Any CPU
		{85A132F3-C0EB-4D2D-8636-0F256C6B1BDE}.Debug|ARM.Deploy.0 = Debug|Any CPU
		{85A132F3-C0EB-4D2D-8636-0F256C6B1BDE}.Debug|iPhone.ActiveCfg = Debug|Any CPU
		{85A132F3-C0EB-4D2D-8636-0F256C6B1BDE}.Debug|iPhone.Build.0 = Debug|Any CPU
		{85A132F3-C0EB-4D2D-8636-0F256C6B1BDE}.Debug|iPhone.Deploy.0 = Debug|Any CPU
		{85A132F3-C0EB-4D2D-8636-0F256C6B1BDE}.Debug|iPhoneSimulator.ActiveCfg = Debug|Any CPU
		{85A132F3-C0EB-4D2D-8636-0F256C6B1BDE}.Debug|iPhoneSimulator.Build.0 = Debug|Any CPU
		{85A132F3-C0EB-4D2D-8636-0F256C6B1BDE}.Debug|iPhoneSimulator.Deploy.0 = Debug|Any CPU
		{85A132F3-C0EB-4D2D-8636-0F256C6B1BDE}.Debug|x64.ActiveCfg = Debug|Any CPU
		{85A132F3-C0EB-4D2D-8636-0F256C6B1BDE}.Debug|x64.Build.0 = Debug|Any CPU
		{85A132F3-C0EB-4D2D-8636-0F256C6B1BDE}.Debug|x64.Deploy.0 = Debug|Any CPU
		{85A132F3-C0EB-4D2D-8636-0F256C6B1BDE}.Debug|x86.ActiveCfg = Debug|Any CPU
		{85A132F3-C0EB-4D2D-8636-0F256C6B1BDE}.Debug|x86.Build.0 = Debug|Any CPU
		{85A132F3-C0EB-4D2D-8636-0F256C6B1BDE}.Debug|x86.Deploy.0 = Debug|Any CPU
		{85A132F3-C0EB-4D2D-8636-0F256C6B1BDE}.Release|Any CPU.ActiveCfg = Release|Any CPU
		{85A132F3-C0EB-4D2D-8636-0F256C6B1BDE}.Release|Any CPU.Build.0 = Release|Any CPU
		{85A132F3-C0EB-4D2D-8636-0F256C6B1BDE}.Release|Any CPU.Deploy.0 = Release|Any CPU
		{85A132F3-C0EB-4D2D-8636-0F256C6B1BDE}.Release|ARM.ActiveCfg = Release|Any CPU
		{85A132F3-C0EB-4D2D-8636-0F256C6B1BDE}.Release|ARM.Build.0 = Release|Any CPU
		{85A132F3-C0EB-4D2D-8636-0F256C6B1BDE}.Release|ARM.Deploy.0 = Release|Any CPU
		{85A132F3-C0EB-4D2D-8636-0F256C6B1BDE}.Release|iPhone.ActiveCfg = Release|Any CPU
		{85A132F3-C0EB-4D2D-8636-0F256C6B1BDE}.Release|iPhone.Build.0 = Release|Any CPU
		{85A132F3-C0EB-4D2D-8636-0F256C6B1BDE}.Release|iPhone.Deploy.0 = Release|Any CPU
		{85A132F3-C0EB-4D2D-8636-0F256C6B1BDE}.Release|iPhoneSimulator.ActiveCfg = Release|Any CPU
		{85A132F3-C0EB-4D2D-8636-0F256C6B1BDE}.Release|iPhoneSimulator.Build.0 = Release|Any CPU
		{85A132F3-C0EB-4D2D-8636-0F256C6B1BDE}.Release|iPhoneSimulator.Deploy.0 = Release|Any CPU
		{85A132F3-C0EB-4D2D-8636-0F256C6B1BDE}.Release|x64.ActiveCfg = Release|Any CPU
		{85A132F3-C0EB-4D2D-8636-0F256C6B1BDE}.Release|x64.Build.0 = Release|Any CPU
		{85A132F3-C0EB-4D2D-8636-0F256C6B1BDE}.Release|x64.Deploy.0 = Release|Any CPU
		{85A132F3-C0EB-4D2D-8636-0F256C6B1BDE}.Release|x86.ActiveCfg = Release|Any CPU
		{85A132F3-C0EB-4D2D-8636-0F256C6B1BDE}.Release|x86.Build.0 = Release|Any CPU
		{85A132F3-C0EB-4D2D-8636-0F256C6B1BDE}.Release|x86.Deploy.0 = Release|Any CPU
		{603492BC-91BA-48F6-959F-20E74E037A62}.Ad-Hoc|Any CPU.ActiveCfg = Ad-Hoc|iPhone
		{603492BC-91BA-48F6-959F-20E74E037A62}.Ad-Hoc|ARM.ActiveCfg = Ad-Hoc|iPhone
		{603492BC-91BA-48F6-959F-20E74E037A62}.Ad-Hoc|iPhone.ActiveCfg = Ad-Hoc|iPhone
		{603492BC-91BA-48F6-959F-20E74E037A62}.Ad-Hoc|iPhone.Build.0 = Ad-Hoc|iPhone
		{603492BC-91BA-48F6-959F-20E74E037A62}.Ad-Hoc|iPhoneSimulator.ActiveCfg = Ad-Hoc|iPhoneSimulator
		{603492BC-91BA-48F6-959F-20E74E037A62}.Ad-Hoc|iPhoneSimulator.Build.0 = Ad-Hoc|iPhoneSimulator
		{603492BC-91BA-48F6-959F-20E74E037A62}.Ad-Hoc|x64.ActiveCfg = Ad-Hoc|iPhone
		{603492BC-91BA-48F6-959F-20E74E037A62}.Ad-Hoc|x86.ActiveCfg = Ad-Hoc|iPhone
		{603492BC-91BA-48F6-959F-20E74E037A62}.AppStore|Any CPU.ActiveCfg = AppStore|iPhone
		{603492BC-91BA-48F6-959F-20E74E037A62}.AppStore|ARM.ActiveCfg = AppStore|iPhone
		{603492BC-91BA-48F6-959F-20E74E037A62}.AppStore|iPhone.ActiveCfg = AppStore|iPhone
		{603492BC-91BA-48F6-959F-20E74E037A62}.AppStore|iPhone.Build.0 = AppStore|iPhone
		{603492BC-91BA-48F6-959F-20E74E037A62}.AppStore|iPhoneSimulator.ActiveCfg = AppStore|iPhoneSimulator
		{603492BC-91BA-48F6-959F-20E74E037A62}.AppStore|iPhoneSimulator.Build.0 = AppStore|iPhoneSimulator
		{603492BC-91BA-48F6-959F-20E74E037A62}.AppStore|x64.ActiveCfg = AppStore|iPhone
		{603492BC-91BA-48F6-959F-20E74E037A62}.AppStore|x86.ActiveCfg = AppStore|iPhone
		{603492BC-91BA-48F6-959F-20E74E037A62}.Debug|Any CPU.ActiveCfg = Debug|iPhone
		{603492BC-91BA-48F6-959F-20E74E037A62}.Debug|ARM.ActiveCfg = Debug|iPhone
		{603492BC-91BA-48F6-959F-20E74E037A62}.Debug|iPhone.ActiveCfg = Debug|iPhone
		{603492BC-91BA-48F6-959F-20E74E037A62}.Debug|iPhone.Build.0 = Debug|iPhone
		{603492BC-91BA-48F6-959F-20E74E037A62}.Debug|iPhoneSimulator.ActiveCfg = Debug|iPhoneSimulator
		{603492BC-91BA-48F6-959F-20E74E037A62}.Debug|iPhoneSimulator.Build.0 = Debug|iPhoneSimulator
		{603492BC-91BA-48F6-959F-20E74E037A62}.Debug|x64.ActiveCfg = Debug|iPhone
		{603492BC-91BA-48F6-959F-20E74E037A62}.Debug|x86.ActiveCfg = Debug|iPhone
		{603492BC-91BA-48F6-959F-20E74E037A62}.Release|Any CPU.ActiveCfg = Release|iPhone
		{603492BC-91BA-48F6-959F-20E74E037A62}.Release|ARM.ActiveCfg = Release|iPhone
		{603492BC-91BA-48F6-959F-20E74E037A62}.Release|iPhone.ActiveCfg = Release|iPhone
		{603492BC-91BA-48F6-959F-20E74E037A62}.Release|iPhone.Build.0 = Release|iPhone
		{603492BC-91BA-48F6-959F-20E74E037A62}.Release|iPhoneSimulator.ActiveCfg = Release|iPhoneSimulator
		{603492BC-91BA-48F6-959F-20E74E037A62}.Release|iPhoneSimulator.Build.0 = Release|iPhoneSimulator
		{603492BC-91BA-48F6-959F-20E74E037A62}.Release|x64.ActiveCfg = Release|iPhone
		{603492BC-91BA-48F6-959F-20E74E037A62}.Release|x86.ActiveCfg = Release|iPhone
		{5B10C72D-13E6-4C05-9152-5F3CADDB1E44}.Ad-Hoc|Any CPU.ActiveCfg = Release|Any CPU
		{5B10C72D-13E6-4C05-9152-5F3CADDB1E44}.Ad-Hoc|Any CPU.Build.0 = Release|Any CPU
		{5B10C72D-13E6-4C05-9152-5F3CADDB1E44}.Ad-Hoc|Any CPU.Deploy.0 = Release|Any CPU
		{5B10C72D-13E6-4C05-9152-5F3CADDB1E44}.Ad-Hoc|ARM.ActiveCfg = Release|ARM
		{5B10C72D-13E6-4C05-9152-5F3CADDB1E44}.Ad-Hoc|ARM.Build.0 = Release|ARM
		{5B10C72D-13E6-4C05-9152-5F3CADDB1E44}.Ad-Hoc|ARM.Deploy.0 = Release|ARM
		{5B10C72D-13E6-4C05-9152-5F3CADDB1E44}.Ad-Hoc|iPhone.ActiveCfg = Release|Any CPU
		{5B10C72D-13E6-4C05-9152-5F3CADDB1E44}.Ad-Hoc|iPhone.Build.0 = Release|Any CPU
		{5B10C72D-13E6-4C05-9152-5F3CADDB1E44}.Ad-Hoc|iPhone.Deploy.0 = Release|Any CPU
		{5B10C72D-13E6-4C05-9152-5F3CADDB1E44}.Ad-Hoc|iPhoneSimulator.ActiveCfg = Release|Any CPU
		{5B10C72D-13E6-4C05-9152-5F3CADDB1E44}.Ad-Hoc|iPhoneSimulator.Build.0 = Release|Any CPU
		{5B10C72D-13E6-4C05-9152-5F3CADDB1E44}.Ad-Hoc|iPhoneSimulator.Deploy.0 = Release|Any CPU
		{5B10C72D-13E6-4C05-9152-5F3CADDB1E44}.Ad-Hoc|x64.ActiveCfg = Release|Any CPU
		{5B10C72D-13E6-4C05-9152-5F3CADDB1E44}.Ad-Hoc|x64.Build.0 = Release|Any CPU
		{5B10C72D-13E6-4C05-9152-5F3CADDB1E44}.Ad-Hoc|x64.Deploy.0 = Release|Any CPU
		{5B10C72D-13E6-4C05-9152-5F3CADDB1E44}.Ad-Hoc|x86.ActiveCfg = Release|x86
		{5B10C72D-13E6-4C05-9152-5F3CADDB1E44}.Ad-Hoc|x86.Build.0 = Release|x86
		{5B10C72D-13E6-4C05-9152-5F3CADDB1E44}.Ad-Hoc|x86.Deploy.0 = Release|x86
		{5B10C72D-13E6-4C05-9152-5F3CADDB1E44}.AppStore|Any CPU.ActiveCfg = Release|Any CPU
		{5B10C72D-13E6-4C05-9152-5F3CADDB1E44}.AppStore|Any CPU.Build.0 = Release|Any CPU
		{5B10C72D-13E6-4C05-9152-5F3CADDB1E44}.AppStore|Any CPU.Deploy.0 = Release|Any CPU
		{5B10C72D-13E6-4C05-9152-5F3CADDB1E44}.AppStore|ARM.ActiveCfg = Release|ARM
		{5B10C72D-13E6-4C05-9152-5F3CADDB1E44}.AppStore|ARM.Build.0 = Release|ARM
		{5B10C72D-13E6-4C05-9152-5F3CADDB1E44}.AppStore|ARM.Deploy.0 = Release|ARM
		{5B10C72D-13E6-4C05-9152-5F3CADDB1E44}.AppStore|iPhone.ActiveCfg = Release|Any CPU
		{5B10C72D-13E6-4C05-9152-5F3CADDB1E44}.AppStore|iPhone.Build.0 = Release|Any CPU
		{5B10C72D-13E6-4C05-9152-5F3CADDB1E44}.AppStore|iPhone.Deploy.0 = Release|Any CPU
		{5B10C72D-13E6-4C05-9152-5F3CADDB1E44}.AppStore|iPhoneSimulator.ActiveCfg = Release|Any CPU
		{5B10C72D-13E6-4C05-9152-5F3CADDB1E44}.AppStore|iPhoneSimulator.Build.0 = Release|Any CPU
		{5B10C72D-13E6-4C05-9152-5F3CADDB1E44}.AppStore|iPhoneSimulator.Deploy.0 = Release|Any CPU
		{5B10C72D-13E6-4C05-9152-5F3CADDB1E44}.AppStore|x64.ActiveCfg = Release|Any CPU
		{5B10C72D-13E6-4C05-9152-5F3CADDB1E44}.AppStore|x64.Build.0 = Release|Any CPU
		{5B10C72D-13E6-4C05-9152-5F3CADDB1E44}.AppStore|x64.Deploy.0 = Release|Any CPU
		{5B10C72D-13E6-4C05-9152-5F3CADDB1E44}.AppStore|x86.ActiveCfg = Release|x86
		{5B10C72D-13E6-4C05-9152-5F3CADDB1E44}.AppStore|x86.Build.0 = Release|x86
		{5B10C72D-13E6-4C05-9152-5F3CADDB1E44}.AppStore|x86.Deploy.0 = Release|x86
		{5B10C72D-13E6-4C05-9152-5F3CADDB1E44}.Debug|Any CPU.ActiveCfg = Debug|Any CPU
		{5B10C72D-13E6-4C05-9152-5F3CADDB1E44}.Debug|Any CPU.Build.0 = Debug|Any CPU
		{5B10C72D-13E6-4C05-9152-5F3CADDB1E44}.Debug|Any CPU.Deploy.0 = Debug|Any CPU
		{5B10C72D-13E6-4C05-9152-5F3CADDB1E44}.Debug|ARM.ActiveCfg = Debug|ARM
		{5B10C72D-13E6-4C05-9152-5F3CADDB1E44}.Debug|ARM.Build.0 = Debug|ARM
		{5B10C72D-13E6-4C05-9152-5F3CADDB1E44}.Debug|ARM.Deploy.0 = Debug|ARM
		{5B10C72D-13E6-4C05-9152-5F3CADDB1E44}.Debug|iPhone.ActiveCfg = Debug|Any CPU
		{5B10C72D-13E6-4C05-9152-5F3CADDB1E44}.Debug|iPhone.Build.0 = Debug|Any CPU
		{5B10C72D-13E6-4C05-9152-5F3CADDB1E44}.Debug|iPhone.Deploy.0 = Debug|Any CPU
		{5B10C72D-13E6-4C05-9152-5F3CADDB1E44}.Debug|iPhoneSimulator.ActiveCfg = Debug|Any CPU
		{5B10C72D-13E6-4C05-9152-5F3CADDB1E44}.Debug|iPhoneSimulator.Build.0 = Debug|Any CPU
		{5B10C72D-13E6-4C05-9152-5F3CADDB1E44}.Debug|iPhoneSimulator.Deploy.0 = Debug|Any CPU
		{5B10C72D-13E6-4C05-9152-5F3CADDB1E44}.Debug|x64.ActiveCfg = Debug|Any CPU
		{5B10C72D-13E6-4C05-9152-5F3CADDB1E44}.Debug|x64.Build.0 = Debug|Any CPU
		{5B10C72D-13E6-4C05-9152-5F3CADDB1E44}.Debug|x64.Deploy.0 = Debug|Any CPU
		{5B10C72D-13E6-4C05-9152-5F3CADDB1E44}.Debug|x86.ActiveCfg = Debug|x86
		{5B10C72D-13E6-4C05-9152-5F3CADDB1E44}.Debug|x86.Build.0 = Debug|x86
		{5B10C72D-13E6-4C05-9152-5F3CADDB1E44}.Debug|x86.Deploy.0 = Debug|x86
		{5B10C72D-13E6-4C05-9152-5F3CADDB1E44}.Release|Any CPU.ActiveCfg = Release|Any CPU
		{5B10C72D-13E6-4C05-9152-5F3CADDB1E44}.Release|Any CPU.Build.0 = Release|Any CPU
		{5B10C72D-13E6-4C05-9152-5F3CADDB1E44}.Release|Any CPU.Deploy.0 = Release|Any CPU
		{5B10C72D-13E6-4C05-9152-5F3CADDB1E44}.Release|ARM.ActiveCfg = Release|ARM
		{5B10C72D-13E6-4C05-9152-5F3CADDB1E44}.Release|ARM.Build.0 = Release|ARM
		{5B10C72D-13E6-4C05-9152-5F3CADDB1E44}.Release|ARM.Deploy.0 = Release|ARM
		{5B10C72D-13E6-4C05-9152-5F3CADDB1E44}.Release|iPhone.ActiveCfg = Release|Any CPU
		{5B10C72D-13E6-4C05-9152-5F3CADDB1E44}.Release|iPhone.Build.0 = Release|Any CPU
		{5B10C72D-13E6-4C05-9152-5F3CADDB1E44}.Release|iPhone.Deploy.0 = Release|Any CPU
		{5B10C72D-13E6-4C05-9152-5F3CADDB1E44}.Release|iPhoneSimulator.ActiveCfg = Release|Any CPU
		{5B10C72D-13E6-4C05-9152-5F3CADDB1E44}.Release|iPhoneSimulator.Build.0 = Release|Any CPU
		{5B10C72D-13E6-4C05-9152-5F3CADDB1E44}.Release|iPhoneSimulator.Deploy.0 = Release|Any CPU
		{5B10C72D-13E6-4C05-9152-5F3CADDB1E44}.Release|x64.ActiveCfg = Release|Any CPU
		{5B10C72D-13E6-4C05-9152-5F3CADDB1E44}.Release|x64.Build.0 = Release|Any CPU
		{5B10C72D-13E6-4C05-9152-5F3CADDB1E44}.Release|x64.Deploy.0 = Release|Any CPU
		{5B10C72D-13E6-4C05-9152-5F3CADDB1E44}.Release|x86.ActiveCfg = Release|x86
		{5B10C72D-13E6-4C05-9152-5F3CADDB1E44}.Release|x86.Build.0 = Release|x86
		{5B10C72D-13E6-4C05-9152-5F3CADDB1E44}.Release|x86.Deploy.0 = Release|x86
		{649C99EC-560B-4C9F-A95F-3459CBB72033}.Ad-Hoc|Any CPU.ActiveCfg = Release|x86
		{649C99EC-560B-4C9F-A95F-3459CBB72033}.Ad-Hoc|Any CPU.Build.0 = Release|x86
		{649C99EC-560B-4C9F-A95F-3459CBB72033}.Ad-Hoc|Any CPU.Deploy.0 = Release|x86
		{649C99EC-560B-4C9F-A95F-3459CBB72033}.Ad-Hoc|ARM.ActiveCfg = Release|ARM
		{649C99EC-560B-4C9F-A95F-3459CBB72033}.Ad-Hoc|ARM.Build.0 = Release|ARM
		{649C99EC-560B-4C9F-A95F-3459CBB72033}.Ad-Hoc|ARM.Deploy.0 = Release|ARM
		{649C99EC-560B-4C9F-A95F-3459CBB72033}.Ad-Hoc|iPhone.ActiveCfg = Release|x86
		{649C99EC-560B-4C9F-A95F-3459CBB72033}.Ad-Hoc|iPhone.Build.0 = Release|x86
		{649C99EC-560B-4C9F-A95F-3459CBB72033}.Ad-Hoc|iPhone.Deploy.0 = Release|x86
		{649C99EC-560B-4C9F-A95F-3459CBB72033}.Ad-Hoc|iPhoneSimulator.ActiveCfg = Release|x86
		{649C99EC-560B-4C9F-A95F-3459CBB72033}.Ad-Hoc|iPhoneSimulator.Build.0 = Release|x86
		{649C99EC-560B-4C9F-A95F-3459CBB72033}.Ad-Hoc|iPhoneSimulator.Deploy.0 = Release|x86
		{649C99EC-560B-4C9F-A95F-3459CBB72033}.Ad-Hoc|x64.ActiveCfg = Release|x64
		{649C99EC-560B-4C9F-A95F-3459CBB72033}.Ad-Hoc|x64.Build.0 = Release|x64
		{649C99EC-560B-4C9F-A95F-3459CBB72033}.Ad-Hoc|x64.Deploy.0 = Release|x64
		{649C99EC-560B-4C9F-A95F-3459CBB72033}.Ad-Hoc|x86.ActiveCfg = Release|x86
		{649C99EC-560B-4C9F-A95F-3459CBB72033}.Ad-Hoc|x86.Build.0 = Release|x86
		{649C99EC-560B-4C9F-A95F-3459CBB72033}.Ad-Hoc|x86.Deploy.0 = Release|x86
		{649C99EC-560B-4C9F-A95F-3459CBB72033}.AppStore|Any CPU.ActiveCfg = Release|x86
		{649C99EC-560B-4C9F-A95F-3459CBB72033}.AppStore|Any CPU.Build.0 = Release|x86
		{649C99EC-560B-4C9F-A95F-3459CBB72033}.AppStore|Any CPU.Deploy.0 = Release|x86
		{649C99EC-560B-4C9F-A95F-3459CBB72033}.AppStore|ARM.ActiveCfg = Release|ARM
		{649C99EC-560B-4C9F-A95F-3459CBB72033}.AppStore|ARM.Build.0 = Release|ARM
		{649C99EC-560B-4C9F-A95F-3459CBB72033}.AppStore|ARM.Deploy.0 = Release|ARM
		{649C99EC-560B-4C9F-A95F-3459CBB72033}.AppStore|iPhone.ActiveCfg = Release|x86
		{649C99EC-560B-4C9F-A95F-3459CBB72033}.AppStore|iPhone.Build.0 = Release|x86
		{649C99EC-560B-4C9F-A95F-3459CBB72033}.AppStore|iPhone.Deploy.0 = Release|x86
		{649C99EC-560B-4C9F-A95F-3459CBB72033}.AppStore|iPhoneSimulator.ActiveCfg = Release|x86
		{649C99EC-560B-4C9F-A95F-3459CBB72033}.AppStore|iPhoneSimulator.Build.0 = Release|x86
		{649C99EC-560B-4C9F-A95F-3459CBB72033}.AppStore|iPhoneSimulator.Deploy.0 = Release|x86
		{649C99EC-560B-4C9F-A95F-3459CBB72033}.AppStore|x64.ActiveCfg = Release|x64
		{649C99EC-560B-4C9F-A95F-3459CBB72033}.AppStore|x64.Build.0 = Release|x64
		{649C99EC-560B-4C9F-A95F-3459CBB72033}.AppStore|x64.Deploy.0 = Release|x64
		{649C99EC-560B-4C9F-A95F-3459CBB72033}.AppStore|x86.ActiveCfg = Release|x86
		{649C99EC-560B-4C9F-A95F-3459CBB72033}.AppStore|x86.Build.0 = Release|x86
		{649C99EC-560B-4C9F-A95F-3459CBB72033}.AppStore|x86.Deploy.0 = Release|x86
		{649C99EC-560B-4C9F-A95F-3459CBB72033}.Debug|Any CPU.ActiveCfg = Debug|x86
		{649C99EC-560B-4C9F-A95F-3459CBB72033}.Debug|ARM.ActiveCfg = Debug|ARM
		{649C99EC-560B-4C9F-A95F-3459CBB72033}.Debug|ARM.Build.0 = Debug|ARM
		{649C99EC-560B-4C9F-A95F-3459CBB72033}.Debug|ARM.Deploy.0 = Debug|ARM
		{649C99EC-560B-4C9F-A95F-3459CBB72033}.Debug|iPhone.ActiveCfg = Debug|x86
		{649C99EC-560B-4C9F-A95F-3459CBB72033}.Debug|iPhoneSimulator.ActiveCfg = Debug|x86
		{649C99EC-560B-4C9F-A95F-3459CBB72033}.Debug|x64.ActiveCfg = Debug|x64
		{649C99EC-560B-4C9F-A95F-3459CBB72033}.Debug|x64.Build.0 = Debug|x64
		{649C99EC-560B-4C9F-A95F-3459CBB72033}.Debug|x64.Deploy.0 = Debug|x64
		{649C99EC-560B-4C9F-A95F-3459CBB72033}.Debug|x86.ActiveCfg = Debug|x86
		{649C99EC-560B-4C9F-A95F-3459CBB72033}.Debug|x86.Build.0 = Debug|x86
		{649C99EC-560B-4C9F-A95F-3459CBB72033}.Debug|x86.Deploy.0 = Debug|x86
		{649C99EC-560B-4C9F-A95F-3459CBB72033}.Release|Any CPU.ActiveCfg = Release|x86
		{649C99EC-560B-4C9F-A95F-3459CBB72033}.Release|ARM.ActiveCfg = Release|ARM
		{649C99EC-560B-4C9F-A95F-3459CBB72033}.Release|ARM.Build.0 = Release|ARM
		{649C99EC-560B-4C9F-A95F-3459CBB72033}.Release|ARM.Deploy.0 = Release|ARM
		{649C99EC-560B-4C9F-A95F-3459CBB72033}.Release|iPhone.ActiveCfg = Release|x86
		{649C99EC-560B-4C9F-A95F-3459CBB72033}.Release|iPhoneSimulator.ActiveCfg = Release|x86
		{649C99EC-560B-4C9F-A95F-3459CBB72033}.Release|x64.ActiveCfg = Release|x64
		{649C99EC-560B-4C9F-A95F-3459CBB72033}.Release|x64.Build.0 = Release|x64
		{649C99EC-560B-4C9F-A95F-3459CBB72033}.Release|x64.Deploy.0 = Release|x64
		{649C99EC-560B-4C9F-A95F-3459CBB72033}.Release|x86.ActiveCfg = Release|x86
		{649C99EC-560B-4C9F-A95F-3459CBB72033}.Release|x86.Build.0 = Release|x86
		{649C99EC-560B-4C9F-A95F-3459CBB72033}.Release|x86.Deploy.0 = Release|x86
		{7CBB31D6-AAAD-4DF2-A329-AAA900103F7D}.Ad-Hoc|Any CPU.ActiveCfg = Release|Any CPU
		{7CBB31D6-AAAD-4DF2-A329-AAA900103F7D}.Ad-Hoc|Any CPU.Build.0 = Release|Any CPU
		{7CBB31D6-AAAD-4DF2-A329-AAA900103F7D}.Ad-Hoc|Any CPU.Deploy.0 = Release|Any CPU
		{7CBB31D6-AAAD-4DF2-A329-AAA900103F7D}.Ad-Hoc|ARM.ActiveCfg = Release|ARM
		{7CBB31D6-AAAD-4DF2-A329-AAA900103F7D}.Ad-Hoc|ARM.Build.0 = Release|ARM
		{7CBB31D6-AAAD-4DF2-A329-AAA900103F7D}.Ad-Hoc|ARM.Deploy.0 = Release|ARM
		{7CBB31D6-AAAD-4DF2-A329-AAA900103F7D}.Ad-Hoc|iPhone.ActiveCfg = Release|Any CPU
		{7CBB31D6-AAAD-4DF2-A329-AAA900103F7D}.Ad-Hoc|iPhone.Build.0 = Release|Any CPU
		{7CBB31D6-AAAD-4DF2-A329-AAA900103F7D}.Ad-Hoc|iPhone.Deploy.0 = Release|Any CPU
		{7CBB31D6-AAAD-4DF2-A329-AAA900103F7D}.Ad-Hoc|iPhoneSimulator.ActiveCfg = Release|Any CPU
		{7CBB31D6-AAAD-4DF2-A329-AAA900103F7D}.Ad-Hoc|iPhoneSimulator.Build.0 = Release|Any CPU
		{7CBB31D6-AAAD-4DF2-A329-AAA900103F7D}.Ad-Hoc|iPhoneSimulator.Deploy.0 = Release|Any CPU
		{7CBB31D6-AAAD-4DF2-A329-AAA900103F7D}.Ad-Hoc|x64.ActiveCfg = Release|x64
		{7CBB31D6-AAAD-4DF2-A329-AAA900103F7D}.Ad-Hoc|x64.Build.0 = Release|x64
		{7CBB31D6-AAAD-4DF2-A329-AAA900103F7D}.Ad-Hoc|x64.Deploy.0 = Release|x64
		{7CBB31D6-AAAD-4DF2-A329-AAA900103F7D}.Ad-Hoc|x86.ActiveCfg = Release|x86
		{7CBB31D6-AAAD-4DF2-A329-AAA900103F7D}.Ad-Hoc|x86.Build.0 = Release|x86
		{7CBB31D6-AAAD-4DF2-A329-AAA900103F7D}.Ad-Hoc|x86.Deploy.0 = Release|x86
		{7CBB31D6-AAAD-4DF2-A329-AAA900103F7D}.AppStore|Any CPU.ActiveCfg = Release|Any CPU
		{7CBB31D6-AAAD-4DF2-A329-AAA900103F7D}.AppStore|Any CPU.Build.0 = Release|Any CPU
		{7CBB31D6-AAAD-4DF2-A329-AAA900103F7D}.AppStore|Any CPU.Deploy.0 = Release|Any CPU
		{7CBB31D6-AAAD-4DF2-A329-AAA900103F7D}.AppStore|ARM.ActiveCfg = Release|ARM
		{7CBB31D6-AAAD-4DF2-A329-AAA900103F7D}.AppStore|ARM.Build.0 = Release|ARM
		{7CBB31D6-AAAD-4DF2-A329-AAA900103F7D}.AppStore|ARM.Deploy.0 = Release|ARM
		{7CBB31D6-AAAD-4DF2-A329-AAA900103F7D}.AppStore|iPhone.ActiveCfg = Release|Any CPU
		{7CBB31D6-AAAD-4DF2-A329-AAA900103F7D}.AppStore|iPhone.Build.0 = Release|Any CPU
		{7CBB31D6-AAAD-4DF2-A329-AAA900103F7D}.AppStore|iPhone.Deploy.0 = Release|Any CPU
		{7CBB31D6-AAAD-4DF2-A329-AAA900103F7D}.AppStore|iPhoneSimulator.ActiveCfg = Release|Any CPU
		{7CBB31D6-AAAD-4DF2-A329-AAA900103F7D}.AppStore|iPhoneSimulator.Build.0 = Release|Any CPU
		{7CBB31D6-AAAD-4DF2-A329-AAA900103F7D}.AppStore|iPhoneSimulator.Deploy.0 = Release|Any CPU
		{7CBB31D6-AAAD-4DF2-A329-AAA900103F7D}.AppStore|x64.ActiveCfg = Release|x64
		{7CBB31D6-AAAD-4DF2-A329-AAA900103F7D}.AppStore|x64.Build.0 = Release|x64
		{7CBB31D6-AAAD-4DF2-A329-AAA900103F7D}.AppStore|x64.Deploy.0 = Release|x64
		{7CBB31D6-AAAD-4DF2-A329-AAA900103F7D}.AppStore|x86.ActiveCfg = Release|x86
		{7CBB31D6-AAAD-4DF2-A329-AAA900103F7D}.AppStore|x86.Build.0 = Release|x86
		{7CBB31D6-AAAD-4DF2-A329-AAA900103F7D}.AppStore|x86.Deploy.0 = Release|x86
		{7CBB31D6-AAAD-4DF2-A329-AAA900103F7D}.Debug|Any CPU.ActiveCfg = Debug|Any CPU
		{7CBB31D6-AAAD-4DF2-A329-AAA900103F7D}.Debug|Any CPU.Build.0 = Debug|Any CPU
		{7CBB31D6-AAAD-4DF2-A329-AAA900103F7D}.Debug|Any CPU.Deploy.0 = Debug|Any CPU
		{7CBB31D6-AAAD-4DF2-A329-AAA900103F7D}.Debug|ARM.ActiveCfg = Debug|ARM
		{7CBB31D6-AAAD-4DF2-A329-AAA900103F7D}.Debug|ARM.Build.0 = Debug|ARM
		{7CBB31D6-AAAD-4DF2-A329-AAA900103F7D}.Debug|ARM.Deploy.0 = Debug|ARM
		{7CBB31D6-AAAD-4DF2-A329-AAA900103F7D}.Debug|iPhone.ActiveCfg = Debug|Any CPU
		{7CBB31D6-AAAD-4DF2-A329-AAA900103F7D}.Debug|iPhone.Build.0 = Debug|Any CPU
		{7CBB31D6-AAAD-4DF2-A329-AAA900103F7D}.Debug|iPhone.Deploy.0 = Debug|Any CPU
		{7CBB31D6-AAAD-4DF2-A329-AAA900103F7D}.Debug|iPhoneSimulator.ActiveCfg = Debug|Any CPU
		{7CBB31D6-AAAD-4DF2-A329-AAA900103F7D}.Debug|iPhoneSimulator.Build.0 = Debug|Any CPU
		{7CBB31D6-AAAD-4DF2-A329-AAA900103F7D}.Debug|iPhoneSimulator.Deploy.0 = Debug|Any CPU
		{7CBB31D6-AAAD-4DF2-A329-AAA900103F7D}.Debug|x64.ActiveCfg = Debug|x64
		{7CBB31D6-AAAD-4DF2-A329-AAA900103F7D}.Debug|x64.Build.0 = Debug|x64
		{7CBB31D6-AAAD-4DF2-A329-AAA900103F7D}.Debug|x64.Deploy.0 = Debug|x64
		{7CBB31D6-AAAD-4DF2-A329-AAA900103F7D}.Debug|x86.ActiveCfg = Debug|x86
		{7CBB31D6-AAAD-4DF2-A329-AAA900103F7D}.Debug|x86.Build.0 = Debug|x86
		{7CBB31D6-AAAD-4DF2-A329-AAA900103F7D}.Debug|x86.Deploy.0 = Debug|x86
		{7CBB31D6-AAAD-4DF2-A329-AAA900103F7D}.Release|Any CPU.ActiveCfg = Release|Any CPU
		{7CBB31D6-AAAD-4DF2-A329-AAA900103F7D}.Release|Any CPU.Build.0 = Release|Any CPU
		{7CBB31D6-AAAD-4DF2-A329-AAA900103F7D}.Release|Any CPU.Deploy.0 = Release|Any CPU
		{7CBB31D6-AAAD-4DF2-A329-AAA900103F7D}.Release|ARM.ActiveCfg = Release|ARM
		{7CBB31D6-AAAD-4DF2-A329-AAA900103F7D}.Release|ARM.Build.0 = Release|ARM
		{7CBB31D6-AAAD-4DF2-A329-AAA900103F7D}.Release|ARM.Deploy.0 = Release|ARM
		{7CBB31D6-AAAD-4DF2-A329-AAA900103F7D}.Release|iPhone.ActiveCfg = Release|Any CPU
		{7CBB31D6-AAAD-4DF2-A329-AAA900103F7D}.Release|iPhone.Build.0 = Release|Any CPU
		{7CBB31D6-AAAD-4DF2-A329-AAA900103F7D}.Release|iPhone.Deploy.0 = Release|Any CPU
		{7CBB31D6-AAAD-4DF2-A329-AAA900103F7D}.Release|iPhoneSimulator.ActiveCfg = Release|Any CPU
		{7CBB31D6-AAAD-4DF2-A329-AAA900103F7D}.Release|iPhoneSimulator.Build.0 = Release|Any CPU
		{7CBB31D6-AAAD-4DF2-A329-AAA900103F7D}.Release|iPhoneSimulator.Deploy.0 = Release|Any CPU
		{7CBB31D6-AAAD-4DF2-A329-AAA900103F7D}.Release|x64.ActiveCfg = Release|x64
		{7CBB31D6-AAAD-4DF2-A329-AAA900103F7D}.Release|x64.Build.0 = Release|x64
		{7CBB31D6-AAAD-4DF2-A329-AAA900103F7D}.Release|x64.Deploy.0 = Release|x64
		{7CBB31D6-AAAD-4DF2-A329-AAA900103F7D}.Release|x86.ActiveCfg = Release|x86
		{7CBB31D6-AAAD-4DF2-A329-AAA900103F7D}.Release|x86.Build.0 = Release|x86
		{7CBB31D6-AAAD-4DF2-A329-AAA900103F7D}.Release|x86.Deploy.0 = Release|x86
	EndGlobalSection
	GlobalSection(SolutionProperties) = preSolution
		HideSolutionNode = FALSE
	EndGlobalSection
EndGlobal
